// !$*UTF8*$!
{
	archiveVersion = 1;
	classes = {
	};
	objectVersion = 50;
	objects = {

/* Begin PBXBuildFile section */
		9EABEA642598486400F924B8 /* AppDelegate.swift in Sources */ = {isa = PBXBuildFile; fileRef = 9EABEA632598486400F924B8 /* AppDelegate.swift */; };
		9EABEA662598486400F924B8 /* SceneDelegate.swift in Sources */ = {isa = PBXBuildFile; fileRef = 9EABEA652598486400F924B8 /* SceneDelegate.swift */; };
		9EABEA6D2598486500F924B8 /* Assets.xcassets in Resources */ = {isa = PBXBuildFile; fileRef = 9EABEA6C2598486500F924B8 /* Assets.xcassets */; };
		9EABEA702598486500F924B8 /* LaunchScreen.storyboard in Resources */ = {isa = PBXBuildFile; fileRef = 9EABEA6E2598486500F924B8 /* LaunchScreen.storyboard */; };
		9EABEA7C259848C600F924B8 /* HomeViewController.swift in Sources */ = {isa = PBXBuildFile; fileRef = 9EABEA7A259848C600F924B8 /* HomeViewController.swift */; };
		9EABEA7D259848C600F924B8 /* HomeViewController.xib in Resources */ = {isa = PBXBuildFile; fileRef = 9EABEA7B259848C600F924B8 /* HomeViewController.xib */; };
		9EABEA8525984A4100F924B8 /* HomeViewModel.swift in Sources */ = {isa = PBXBuildFile; fileRef = 9EABEA8425984A4100F924B8 /* HomeViewModel.swift */; };
		9EABEA8A2599BDF600F924B8 /* MenuViewController.swift in Sources */ = {isa = PBXBuildFile; fileRef = 9EABEA882599BDF600F924B8 /* MenuViewController.swift */; };
		9EABEA8B2599BDF600F924B8 /* MenuViewController.xib in Resources */ = {isa = PBXBuildFile; fileRef = 9EABEA892599BDF600F924B8 /* MenuViewController.xib */; };
		9EABEA912599BFC500F924B8 /* MusicsViewController.swift in Sources */ = {isa = PBXBuildFile; fileRef = 9EABEA8F2599BFC500F924B8 /* MusicsViewController.swift */; };
		9EABEA922599BFC500F924B8 /* MusicsViewController.xib in Resources */ = {isa = PBXBuildFile; fileRef = 9EABEA902599BFC500F924B8 /* MusicsViewController.xib */; };
		9EABEA952599EA4A00F924B8 /* MusicsViewModel.swift in Sources */ = {isa = PBXBuildFile; fileRef = 9EABEA942599EA4A00F924B8 /* MusicsViewModel.swift */; };
		9EABEA992599EA7D00F924B8 /* Music.swift in Sources */ = {isa = PBXBuildFile; fileRef = 9EABEA982599EA7D00F924B8 /* Music.swift */; };
/* End PBXBuildFile section */

/* Begin PBXFileReference section */
		9EABEA602598486400F924B8 /* ProtocolVSClosure.app */ = {isa = PBXFileReference; explicitFileType = wrapper.application; includeInIndex = 0; path = ProtocolVSClosure.app; sourceTree = BUILT_PRODUCTS_DIR; };
		9EABEA632598486400F924B8 /* AppDelegate.swift */ = {isa = PBXFileReference; lastKnownFileType = sourcecode.swift; path = AppDelegate.swift; sourceTree = "<group>"; };
		9EABEA652598486400F924B8 /* SceneDelegate.swift */ = {isa = PBXFileReference; lastKnownFileType = sourcecode.swift; path = SceneDelegate.swift; sourceTree = "<group>"; };
		9EABEA6C2598486500F924B8 /* Assets.xcassets */ = {isa = PBXFileReference; lastKnownFileType = folder.assetcatalog; path = Assets.xcassets; sourceTree = "<group>"; };
		9EABEA6F2598486500F924B8 /* Base */ = {isa = PBXFileReference; lastKnownFileType = file.storyboard; name = Base; path = Base.lproj/LaunchScreen.storyboard; sourceTree = "<group>"; };
		9EABEA712598486500F924B8 /* Info.plist */ = {isa = PBXFileReference; lastKnownFileType = text.plist.xml; path = Info.plist; sourceTree = "<group>"; };
		9EABEA7A259848C600F924B8 /* HomeViewController.swift */ = {isa = PBXFileReference; lastKnownFileType = sourcecode.swift; path = HomeViewController.swift; sourceTree = "<group>"; };
		9EABEA7B259848C600F924B8 /* HomeViewController.xib */ = {isa = PBXFileReference; lastKnownFileType = file.xib; path = HomeViewController.xib; sourceTree = "<group>"; };
		9EABEA8425984A4100F924B8 /* HomeViewModel.swift */ = {isa = PBXFileReference; lastKnownFileType = sourcecode.swift; path = HomeViewModel.swift; sourceTree = "<group>"; };
		9EABEA882599BDF600F924B8 /* MenuViewController.swift */ = {isa = PBXFileReference; lastKnownFileType = sourcecode.swift; path = MenuViewController.swift; sourceTree = "<group>"; };
		9EABEA892599BDF600F924B8 /* MenuViewController.xib */ = {isa = PBXFileReference; lastKnownFileType = file.xib; path = MenuViewController.xib; sourceTree = "<group>"; };
		9EABEA8F2599BFC500F924B8 /* MusicsViewController.swift */ = {isa = PBXFileReference; lastKnownFileType = sourcecode.swift; path = MusicsViewController.swift; sourceTree = "<group>"; };
		9EABEA902599BFC500F924B8 /* MusicsViewController.xib */ = {isa = PBXFileReference; lastKnownFileType = file.xib; path = MusicsViewController.xib; sourceTree = "<group>"; };
		9EABEA942599EA4A00F924B8 /* MusicsViewModel.swift */ = {isa = PBXFileReference; lastKnownFileType = sourcecode.swift; path = MusicsViewModel.swift; sourceTree = "<group>"; };
		9EABEA982599EA7D00F924B8 /* Music.swift */ = {isa = PBXFileReference; lastKnownFileType = sourcecode.swift; path = Music.swift; sourceTree = "<group>"; };
/* End PBXFileReference section */

/* Begin PBXFrameworksBuildPhase section */
		9EABEA5D2598486400F924B8 /* Frameworks */ = {
			isa = PBXFrameworksBuildPhase;
			buildActionMask = 2147483647;
			files = (
			);
			runOnlyForDeploymentPostprocessing = 0;
		};
/* End PBXFrameworksBuildPhase section */

/* Begin PBXGroup section */
		9EABEA572598486400F924B8 = {
			isa = PBXGroup;
			children = (
				9EABEA622598486400F924B8 /* ProtocolVSClosure */,
				9EABEA612598486400F924B8 /* Products */,
			);
			sourceTree = "<group>";
		};
		9EABEA612598486400F924B8 /* Products */ = {
			isa = PBXGroup;
			children = (
				9EABEA602598486400F924B8 /* ProtocolVSClosure.app */,
			);
			name = Products;
			sourceTree = "<group>";
		};
		9EABEA622598486400F924B8 /* ProtocolVSClosure */ = {
			isa = PBXGroup;
			children = (
				9EABEA972599EA6D00F924B8 /* Models */,
				9EABEA80259848FE00F924B8 /* AppDelegate */,
				9EABEA78259848AD00F924B8 /* ViewController */,
				9EABEA822598491600F924B8 /* Resources */,
				9EABEA712598486500F924B8 /* Info.plist */,
			);
			path = ProtocolVSClosure;
			sourceTree = "<group>";
		};
		9EABEA78259848AD00F924B8 /* ViewController */ = {
			isa = PBXGroup;
			children = (
				9EABEA872599BDDC00F924B8 /* MenuVC */,
				9EABEA8E2599BF9A00F924B8 /* MusicsVC */,
				9EABEA79259848B400F924B8 /* HomeVC */,
			);
			path = ViewController;
			sourceTree = "<group>";
		};
		9EABEA79259848B400F924B8 /* HomeVC */ = {
			isa = PBXGroup;
			children = (
				9EABEA7A259848C600F924B8 /* HomeViewController.swift */,
				9EABEA7B259848C600F924B8 /* HomeViewController.xib */,
				9EABEA8425984A4100F924B8 /* HomeViewModel.swift */,
			);
			path = HomeVC;
			sourceTree = "<group>";
		};
		9EABEA80259848FE00F924B8 /* AppDelegate */ = {
			isa = PBXGroup;
			children = (
				9EABEA632598486400F924B8 /* AppDelegate.swift */,
				9EABEA652598486400F924B8 /* SceneDelegate.swift */,
			);
			path = AppDelegate;
			sourceTree = "<group>";
		};
		9EABEA822598491600F924B8 /* Resources */ = {
			isa = PBXGroup;
			children = (
				9EABEA6C2598486500F924B8 /* Assets.xcassets */,
				9EABEA6E2598486500F924B8 /* LaunchScreen.storyboard */,
			);
			path = Resources;
			sourceTree = "<group>";
		};
		9EABEA872599BDDC00F924B8 /* MenuVC */ = {
			isa = PBXGroup;
			children = (
				9EABEA882599BDF600F924B8 /* MenuViewController.swift */,
				9EABEA892599BDF600F924B8 /* MenuViewController.xib */,
			);
			path = MenuVC;
			sourceTree = "<group>";
		};
		9EABEA8E2599BF9A00F924B8 /* MusicsVC */ = {
			isa = PBXGroup;
			children = (
				9EABEA8F2599BFC500F924B8 /* MusicsViewController.swift */,
				9EABEA902599BFC500F924B8 /* MusicsViewController.xib */,
				9EABEA942599EA4A00F924B8 /* MusicsViewModel.swift */,
			);
			path = MusicsVC;
			sourceTree = "<group>";
		};
		9EABEA972599EA6D00F924B8 /* Models */ = {
			isa = PBXGroup;
			children = (
				9EABEA982599EA7D00F924B8 /* Music.swift */,
			);
			path = Models;
			sourceTree = "<group>";
		};
/* End PBXGroup section */

/* Begin PBXNativeTarget section */
		9EABEA5F2598486400F924B8 /* ProtocolVSClosure */ = {
			isa = PBXNativeTarget;
			buildConfigurationList = 9EABEA742598486500F924B8 /* Build configuration list for PBXNativeTarget "ProtocolVSClosure" */;
			buildPhases = (
				9EABEA5C2598486400F924B8 /* Sources */,
				9EABEA5D2598486400F924B8 /* Frameworks */,
				9EABEA5E2598486400F924B8 /* Resources */,
			);
			buildRules = (
			);
			dependencies = (
			);
			name = ProtocolVSClosure;
			productName = ProtocolVSClosure;
			productReference = 9EABEA602598486400F924B8 /* ProtocolVSClosure.app */;
			productType = "com.apple.product-type.application";
		};
/* End PBXNativeTarget section */

/* Begin PBXProject section */
		9EABEA582598486400F924B8 /* Project object */ = {
			isa = PBXProject;
			attributes = {
				LastSwiftUpdateCheck = 1210;
				LastUpgradeCheck = 1210;
				TargetAttributes = {
					9EABEA5F2598486400F924B8 = {
						CreatedOnToolsVersion = 12.1;
					};
				};
			};
			buildConfigurationList = 9EABEA5B2598486400F924B8 /* Build configuration list for PBXProject "ProtocolVSClosure" */;
			compatibilityVersion = "Xcode 9.3";
			developmentRegion = en;
			hasScannedForEncodings = 0;
			knownRegions = (
				en,
				Base,
			);
			mainGroup = 9EABEA572598486400F924B8;
			productRefGroup = 9EABEA612598486400F924B8 /* Products */;
			projectDirPath = "";
			projectRoot = "";
			targets = (
				9EABEA5F2598486400F924B8 /* ProtocolVSClosure */,
			);
		};
/* End PBXProject section */

/* Begin PBXResourcesBuildPhase section */
		9EABEA5E2598486400F924B8 /* Resources */ = {
			isa = PBXResourcesBuildPhase;
			buildActionMask = 2147483647;
			files = (
				9EABEA702598486500F924B8 /* LaunchScreen.storyboard in Resources */,
				9EABEA6D2598486500F924B8 /* Assets.xcassets in Resources */,
				9EABEA7D259848C600F924B8 /* HomeViewController.xib in Resources */,
				9EABEA8B2599BDF600F924B8 /* MenuViewController.xib in Resources */,
				9EABEA922599BFC500F924B8 /* MusicsViewController.xib in Resources */,
			);
			runOnlyForDeploymentPostprocessing = 0;
		};
/* End PBXResourcesBuildPhase section */

/* Begin PBXSourcesBuildPhase section */
		9EABEA5C2598486400F924B8 /* Sources */ = {
			isa = PBXSourcesBuildPhase;
			buildActionMask = 2147483647;
			files = (
				9EABEA912599BFC500F924B8 /* MusicsViewController.swift in Sources */,
				9EABEA642598486400F924B8 /* AppDelegate.swift in Sources */,
				9EABEA8A2599BDF600F924B8 /* MenuViewController.swift in Sources */,
				9EABEA952599EA4A00F924B8 /* MusicsViewModel.swift in Sources */,
				9EABEA662598486400F924B8 /* SceneDelegate.swift in Sources */,
				9EABEA7C259848C600F924B8 /* HomeViewController.swift in Sources */,
				9EABEA8525984A4100F924B8 /* HomeViewModel.swift in Sources */,
				9EABEA992599EA7D00F924B8 /* Music.swift in Sources */,
			);
			runOnlyForDeploymentPostprocessing = 0;
		};
/* End PBXSourcesBuildPhase section */

/* Begin PBXVariantGroup section */
		9EABEA6E2598486500F924B8 /* LaunchScreen.storyboard */ = {
			isa = PBXVariantGroup;
			children = (
				9EABEA6F2598486500F924B8 /* Base */,
			);
			name = LaunchScreen.storyboard;
			sourceTree = "<group>";
		};
/* End PBXVariantGroup section */

/* Begin XCBuildConfiguration section */
		9EABEA722598486500F924B8 /* Debug */ = {
			isa = XCBuildConfiguration;
			buildSettings = {
				ALWAYS_SEARCH_USER_PATHS = NO;
				CLANG_ANALYZER_NONNULL = YES;
				CLANG_ANALYZER_NUMBER_OBJECT_CONVERSION = YES_AGGRESSIVE;
				CLANG_CXX_LANGUAGE_STANDARD = "gnu++14";
				CLANG_CXX_LIBRARY = "libc++";
				CLANG_ENABLE_MODULES = YES;
				CLANG_ENABLE_OBJC_ARC = YES;
				CLANG_ENABLE_OBJC_WEAK = YES;
				CLANG_WARN_BLOCK_CAPTURE_AUTORELEASING = YES;
				CLANG_WARN_BOOL_CONVERSION = YES;
				CLANG_WARN_COMMA = YES;
				CLANG_WARN_CONSTANT_CONVERSION = YES;
				CLANG_WARN_DEPRECATED_OBJC_IMPLEMENTATIONS = YES;
				CLANG_WARN_DIRECT_OBJC_ISA_USAGE = YES_ERROR;
				CLANG_WARN_DOCUMENTATION_COMMENTS = YES;
				CLANG_WARN_EMPTY_BODY = YES;
				CLANG_WARN_ENUM_CONVERSION = YES;
				CLANG_WARN_INFINITE_RECURSION = YES;
				CLANG_WARN_INT_CONVERSION = YES;
				CLANG_WARN_NON_LITERAL_NULL_CONVERSION = YES;
				CLANG_WARN_OBJC_IMPLICIT_RETAIN_SELF = YES;
				CLANG_WARN_OBJC_LITERAL_CONVERSION = YES;
				CLANG_WARN_OBJC_ROOT_CLASS = YES_ERROR;
				CLANG_WARN_QUOTED_INCLUDE_IN_FRAMEWORK_HEADER = YES;
				CLANG_WARN_RANGE_LOOP_ANALYSIS = YES;
				CLANG_WARN_STRICT_PROTOTYPES = YES;
				CLANG_WARN_SUSPICIOUS_MOVE = YES;
				CLANG_WARN_UNGUARDED_AVAILABILITY = YES_AGGRESSIVE;
				CLANG_WARN_UNREACHABLE_CODE = YES;
				CLANG_WARN__DUPLICATE_METHOD_MATCH = YES;
				COPY_PHASE_STRIP = NO;
				DEBUG_INFORMATION_FORMAT = dwarf;
				ENABLE_STRICT_OBJC_MSGSEND = YES;
				ENABLE_TESTABILITY = YES;
				GCC_C_LANGUAGE_STANDARD = gnu11;
				GCC_DYNAMIC_NO_PIC = NO;
				GCC_NO_COMMON_BLOCKS = YES;
				GCC_OPTIMIZATION_LEVEL = 0;
				GCC_PREPROCESSOR_DEFINITIONS = (
					"DEBUG=1",
					"$(inherited)",
				);
				GCC_WARN_64_TO_32_BIT_CONVERSION = YES;
				GCC_WARN_ABOUT_RETURN_TYPE = YES_ERROR;
				GCC_WARN_UNDECLARED_SELECTOR = YES;
				GCC_WARN_UNINITIALIZED_AUTOS = YES_AGGRESSIVE;
				GCC_WARN_UNUSED_FUNCTION = YES;
				GCC_WARN_UNUSED_VARIABLE = YES;
				IPHONEOS_DEPLOYMENT_TARGET = 14.1;
				MTL_ENABLE_DEBUG_INFO = INCLUDE_SOURCE;
				MTL_FAST_MATH = YES;
				ONLY_ACTIVE_ARCH = YES;
				SDKROOT = iphoneos;
				SWIFT_ACTIVE_COMPILATION_CONDITIONS = DEBUG;
				SWIFT_OPTIMIZATION_LEVEL = "-Onone";
			};
			name = Debug;
		};
		9EABEA732598486500F924B8 /* Release */ = {
			isa = XCBuildConfiguration;
			buildSettings = {
				ALWAYS_SEARCH_USER_PATHS = NO;
				CLANG_ANALYZER_NONNULL = YES;
				CLANG_ANALYZER_NUMBER_OBJECT_CONVERSION = YES_AGGRESSIVE;
				CLANG_CXX_LANGUAGE_STANDARD = "gnu++14";
				CLANG_CXX_LIBRARY = "libc++";
				CLANG_ENABLE_MODULES = YES;
				CLANG_ENABLE_OBJC_ARC = YES;
				CLANG_ENABLE_OBJC_WEAK = YES;
				CLANG_WARN_BLOCK_CAPTURE_AUTORELEASING = YES;
				CLANG_WARN_BOOL_CONVERSION = YES;
				CLANG_WARN_COMMA = YES;
				CLANG_WARN_CONSTANT_CONVERSION = YES;
				CLANG_WARN_DEPRECATED_OBJC_IMPLEMENTATIONS = YES;
				CLANG_WARN_DIRECT_OBJC_ISA_USAGE = YES_ERROR;
				CLANG_WARN_DOCUMENTATION_COMMENTS = YES;
				CLANG_WARN_EMPTY_BODY = YES;
				CLANG_WARN_ENUM_CONVERSION = YES;
				CLANG_WARN_INFINITE_RECURSION = YES;
				CLANG_WARN_INT_CONVERSION = YES;
				CLANG_WARN_NON_LITERAL_NULL_CONVERSION = YES;
				CLANG_WARN_OBJC_IMPLICIT_RETAIN_SELF = YES;
				CLANG_WARN_OBJC_LITERAL_CONVERSION = YES;
				CLANG_WARN_OBJC_ROOT_CLASS = YES_ERROR;
				CLANG_WARN_QUOTED_INCLUDE_IN_FRAMEWORK_HEADER = YES;
				CLANG_WARN_RANGE_LOOP_ANALYSIS = YES;
				CLANG_WARN_STRICT_PROTOTYPES = YES;
				CLANG_WARN_SUSPICIOUS_MOVE = YES;
				CLANG_WARN_UNGUARDED_AVAILABILITY = YES_AGGRESSIVE;
				CLANG_WARN_UNREACHABLE_CODE = YES;
				CLANG_WARN__DUPLICATE_METHOD_MATCH = YES;
				COPY_PHASE_STRIP = NO;
				DEBUG_INFORMATION_FORMAT = "dwarf-with-dsym";
				ENABLE_NS_ASSERTIONS = NO;
				ENABLE_STRICT_OBJC_MSGSEND = YES;
				GCC_C_LANGUAGE_STANDARD = gnu11;
				GCC_NO_COMMON_BLOCKS = YES;
				GCC_WARN_64_TO_32_BIT_CONVERSION = YES;
				GCC_WARN_ABOUT_RETURN_TYPE = YES_ERROR;
				GCC_WARN_UNDECLARED_SELECTOR = YES;
				GCC_WARN_UNINITIALIZED_AUTOS = YES_AGGRESSIVE;
				GCC_WARN_UNUSED_FUNCTION = YES;
				GCC_WARN_UNUSED_VARIABLE = YES;
				IPHONEOS_DEPLOYMENT_TARGET = 14.1;
				MTL_ENABLE_DEBUG_INFO = NO;
				MTL_FAST_MATH = YES;
				SDKROOT = iphoneos;
				SWIFT_COMPILATION_MODE = wholemodule;
				SWIFT_OPTIMIZATION_LEVEL = "-O";
				VALIDATE_PRODUCT = YES;
			};
			name = Release;
		};
		9EABEA752598486500F924B8 /* Debug */ = {
			isa = XCBuildConfiguration;
			buildSettings = {
				ASSETCATALOG_COMPILER_APPICON_NAME = AppIcon;
				ASSETCATALOG_COMPILER_GLOBAL_ACCENT_COLOR_NAME = AccentColor;
				CODE_SIGN_STYLE = Automatic;
				DEVELOPMENT_TEAM = QG598U658S;
				INFOPLIST_FILE = ProtocolVSClosure/Info.plist;
				IPHONEOS_DEPLOYMENT_TARGET = 13.0;
				LD_RUNPATH_SEARCH_PATHS = (
					"$(inherited)",
					"@executable_path/Frameworks",
				);
				MARKETING_VERSION = 1.0.0;
				PRODUCT_BUNDLE_IDENTIFIER = com.fx.ProtocolVSClosure;
				PRODUCT_NAME = "$(TARGET_NAME)";
				SWIFT_VERSION = 5.0;
				TARGETED_DEVICE_FAMILY = "1,2";
			};
			name = Debug;
		};
		9EABEA762598486500F924B8 /* Release */ = {
			isa = XCBuildConfiguration;
			buildSettings = {
				ASSETCATALOG_COMPILER_APPICON_NAME = AppIcon;
				ASSETCATALOG_COMPILER_GLOBAL_ACCENT_COLOR_NAME = AccentColor;
				CODE_SIGN_STYLE = Automatic;
				DEVELOPMENT_TEAM = QG598U658S;
				INFOPLIST_FILE = ProtocolVSClosure/Info.plist;
				IPHONEOS_DEPLOYMENT_TARGET = 13.0;
				LD_RUNPATH_SEARCH_PATHS = (
					"$(inherited)",
					"@executable_path/Frameworks",
				);
				MARKETING_VERSION = 1.0.0;
				PRODUCT_BUNDLE_IDENTIFIER = com.fx.ProtocolVSClosure;
				PRODUCT_NAME = "$(TARGET_NAME)";
				SWIFT_VERSION = 5.0;
				TARGETED_DEVICE_FAMILY = "1,2";
			};
			name = Release;
		};
/* End XCBuildConfiguration section */

/* Begin XCConfigurationList section */
		9EABEA5B2598486400F924B8 /* Build configuration list for PBXProject "ProtocolVSClosure" */ = {
			isa = XCConfigurationList;
			buildConfigurations = (
				9EABEA722598486500F924B8 /* Debug */,
				9EABEA732598486500F924B8 /* Release */,
			);
			defaultConfigurationIsVisible = 0;
			defaultConfigurationName = Release;
		};
		9EABEA742598486500F924B8 /* Build configuration list for PBXNativeTarget "ProtocolVSClosure" */ = {
			isa = XCConfigurationList;
			buildConfigurations = (
				9EABEA752598486500F924B8 /* Debug */,
				9EABEA762598486500F924B8 /* Release */,
			);
			defaultConfigurationIsVisible = 0;
			defaultConfigurationName = Release;
		};
/* End XCConfigurationList section */
	};
	rootObject = 9EABEA582598486400F924B8 /* Project object */;
}
