// !$*UTF8*$!
{
	archiveVersion = 1;
	classes = {
	};
	objectVersion = 55;
	objects = {

/* Begin PBXBuildFile section */
		9E663AE6269075E900768D7D /* HomeViewController.swift in Sources */ = {isa = PBXBuildFile; fileRef = 9E663AE5269075E900768D7D /* HomeViewController.swift */; };
		9E76DA72268EB7FD00123F5E /* WelcomeViewController.swift in Sources */ = {isa = PBXBuildFile; fileRef = 9E76DA71268EB7FD00123F5E /* WelcomeViewController.swift */; };
		9E76DA75268EC14F00123F5E /* WelcomeViewModel.swift in Sources */ = {isa = PBXBuildFile; fileRef = 9E76DA74268EC14F00123F5E /* WelcomeViewModel.swift */; };
		9E76DA77268F14ED00123F5E /* WelcomeViewModel2.swift in Sources */ = {isa = PBXBuildFile; fileRef = 9E76DA76268F14ED00123F5E /* WelcomeViewModel2.swift */; };
		9EAB646A2685725200AC14F8 /* AppDelegate.swift in Sources */ = {isa = PBXBuildFile; fileRef = 9EAB64692685725200AC14F8 /* AppDelegate.swift */; };
		9EAB646C2685725200AC14F8 /* SceneDelegate.swift in Sources */ = {isa = PBXBuildFile; fileRef = 9EAB646B2685725200AC14F8 /* SceneDelegate.swift */; };
		9EAB646E2685725200AC14F8 /* ViewController.swift in Sources */ = {isa = PBXBuildFile; fileRef = 9EAB646D2685725200AC14F8 /* ViewController.swift */; };
		9EAB64712685725200AC14F8 /* Main.storyboard in Resources */ = {isa = PBXBuildFile; fileRef = 9EAB646F2685725200AC14F8 /* Main.storyboard */; };
		9EAB64732685725200AC14F8 /* Assets.xcassets in Resources */ = {isa = PBXBuildFile; fileRef = 9EAB64722685725200AC14F8 /* Assets.xcassets */; };
		9EAB64762685725200AC14F8 /* LaunchScreen.storyboard in Resources */ = {isa = PBXBuildFile; fileRef = 9EAB64742685725200AC14F8 /* LaunchScreen.storyboard */; };
		9EAB64832685747500AC14F8 /* Category.swift in Sources */ = {isa = PBXBuildFile; fileRef = 9EAB64822685747500AC14F8 /* Category.swift */; };
		9EAB64852685748D00AC14F8 /* Drink.swift in Sources */ = {isa = PBXBuildFile; fileRef = 9EAB64842685748D00AC14F8 /* Drink.swift */; };
		9EAB6487268574B200AC14F8 /* APIError.swift in Sources */ = {isa = PBXBuildFile; fileRef = 9EAB6486268574B200AC14F8 /* APIError.swift */; };
		9EAB6489268574E000AC14F8 /* API.swift in Sources */ = {isa = PBXBuildFile; fileRef = 9EAB6488268574E000AC14F8 /* API.swift */; };
/* End PBXBuildFile section */

/* Begin PBXFileReference section */
		9E663AE5269075E900768D7D /* HomeViewController.swift */ = {isa = PBXFileReference; lastKnownFileType = sourcecode.swift; path = HomeViewController.swift; sourceTree = "<group>"; };
		9E76DA71268EB7FD00123F5E /* WelcomeViewController.swift */ = {isa = PBXFileReference; lastKnownFileType = sourcecode.swift; path = WelcomeViewController.swift; sourceTree = "<group>"; };
		9E76DA74268EC14F00123F5E /* WelcomeViewModel.swift */ = {isa = PBXFileReference; lastKnownFileType = sourcecode.swift; path = WelcomeViewModel.swift; sourceTree = "<group>"; };
		9E76DA76268F14ED00123F5E /* WelcomeViewModel2.swift */ = {isa = PBXFileReference; lastKnownFileType = sourcecode.swift; path = WelcomeViewModel2.swift; sourceTree = "<group>"; };
		9EAB64662685725200AC14F8 /* DemoAPI.app */ = {isa = PBXFileReference; explicitFileType = wrapper.application; includeInIndex = 0; path = DemoAPI.app; sourceTree = BUILT_PRODUCTS_DIR; };
		9EAB64692685725200AC14F8 /* AppDelegate.swift */ = {isa = PBXFileReference; lastKnownFileType = sourcecode.swift; path = AppDelegate.swift; sourceTree = "<group>"; };
		9EAB646B2685725200AC14F8 /* SceneDelegate.swift */ = {isa = PBXFileReference; lastKnownFileType = sourcecode.swift; path = SceneDelegate.swift; sourceTree = "<group>"; };
		9EAB646D2685725200AC14F8 /* ViewController.swift */ = {isa = PBXFileReference; lastKnownFileType = sourcecode.swift; path = ViewController.swift; sourceTree = "<group>"; };
		9EAB64702685725200AC14F8 /* Base */ = {isa = PBXFileReference; lastKnownFileType = file.storyboard; name = Base; path = Base.lproj/Main.storyboard; sourceTree = "<group>"; };
		9EAB64722685725200AC14F8 /* Assets.xcassets */ = {isa = PBXFileReference; lastKnownFileType = folder.assetcatalog; path = Assets.xcassets; sourceTree = "<group>"; };
		9EAB64752685725200AC14F8 /* Base */ = {isa = PBXFileReference; lastKnownFileType = file.storyboard; name = Base; path = Base.lproj/LaunchScreen.storyboard; sourceTree = "<group>"; };
		9EAB64772685725200AC14F8 /* Info.plist */ = {isa = PBXFileReference; lastKnownFileType = text.plist.xml; path = Info.plist; sourceTree = "<group>"; };
		9EAB64822685747500AC14F8 /* Category.swift */ = {isa = PBXFileReference; lastKnownFileType = sourcecode.swift; path = Category.swift; sourceTree = "<group>"; };
		9EAB64842685748D00AC14F8 /* Drink.swift */ = {isa = PBXFileReference; lastKnownFileType = sourcecode.swift; path = Drink.swift; sourceTree = "<group>"; };
		9EAB6486268574B200AC14F8 /* APIError.swift */ = {isa = PBXFileReference; lastKnownFileType = sourcecode.swift; path = APIError.swift; sourceTree = "<group>"; };
		9EAB6488268574E000AC14F8 /* API.swift */ = {isa = PBXFileReference; lastKnownFileType = sourcecode.swift; path = API.swift; sourceTree = "<group>"; };
/* End PBXFileReference section */

/* Begin PBXFrameworksBuildPhase section */
		9EAB64632685725200AC14F8 /* Frameworks */ = {
			isa = PBXFrameworksBuildPhase;
			buildActionMask = 2147483647;
			files = (
			);
			runOnlyForDeploymentPostprocessing = 0;
		};
/* End PBXFrameworksBuildPhase section */

/* Begin PBXGroup section */
		9E663AE4269075D900768D7D /* HomeVC */ = {
			isa = PBXGroup;
			children = (
				9E663AE5269075E900768D7D /* HomeViewController.swift */,
			);
			path = HomeVC;
			sourceTree = "<group>";
		};
		9E76DA73268EC13F00123F5E /* Welcome */ = {
			isa = PBXGroup;
			children = (
				9E76DA71268EB7FD00123F5E /* WelcomeViewController.swift */,
				9E76DA74268EC14F00123F5E /* WelcomeViewModel.swift */,
				9E76DA76268F14ED00123F5E /* WelcomeViewModel2.swift */,
			);
			path = Welcome;
			sourceTree = "<group>";
		};
		9EAB645D2685725200AC14F8 = {
			isa = PBXGroup;
			children = (
				9EAB64682685725200AC14F8 /* DemoAPI */,
				9EAB64672685725200AC14F8 /* Products */,
			);
			sourceTree = "<group>";
		};
		9EAB64672685725200AC14F8 /* Products */ = {
			isa = PBXGroup;
			children = (
				9EAB64662685725200AC14F8 /* DemoAPI.app */,
			);
			name = Products;
			sourceTree = "<group>";
		};
		9EAB64682685725200AC14F8 /* DemoAPI */ = {
			isa = PBXGroup;
			children = (
				9EAB64802685736100AC14F8 /* AppDelegate */,
				9EAB647D2685732A00AC14F8 /* ViewControllers */,
				9EAB647F2685734500AC14F8 /* Entities */,
				9EAB647E2685733C00AC14F8 /* API */,
				9EAB64812685737300AC14F8 /* Resources */,
				9EAB64772685725200AC14F8 /* Info.plist */,
			);
			path = DemoAPI;
			sourceTree = "<group>";
		};
		9EAB647D2685732A00AC14F8 /* ViewControllers */ = {
			isa = PBXGroup;
			children = (
				9E663AE4269075D900768D7D /* HomeVC */,
				9E76DA73268EC13F00123F5E /* Welcome */,
				9EAB646D2685725200AC14F8 /* ViewController.swift */,
				9EAB646F2685725200AC14F8 /* Main.storyboard */,
			);
			path = ViewControllers;
			sourceTree = "<group>";
		};
		9EAB647E2685733C00AC14F8 /* API */ = {
			isa = PBXGroup;
			children = (
				9EAB6486268574B200AC14F8 /* APIError.swift */,
				9EAB6488268574E000AC14F8 /* API.swift */,
			);
			path = API;
			sourceTree = "<group>";
		};
		9EAB647F2685734500AC14F8 /* Entities */ = {
			isa = PBXGroup;
			children = (
				9EAB64822685747500AC14F8 /* Category.swift */,
				9EAB64842685748D00AC14F8 /* Drink.swift */,
			);
			path = Entities;
			sourceTree = "<group>";
		};
		9EAB64802685736100AC14F8 /* AppDelegate */ = {
			isa = PBXGroup;
			children = (
				9EAB64692685725200AC14F8 /* AppDelegate.swift */,
				9EAB646B2685725200AC14F8 /* SceneDelegate.swift */,
			);
			path = AppDelegate;
			sourceTree = "<group>";
		};
		9EAB64812685737300AC14F8 /* Resources */ = {
			isa = PBXGroup;
			children = (
				9EAB64722685725200AC14F8 /* Assets.xcassets */,
				9EAB64742685725200AC14F8 /* LaunchScreen.storyboard */,
			);
			path = Resources;
			sourceTree = "<group>";
		};
/* End PBXGroup section */

/* Begin PBXNativeTarget section */
		9EAB64652685725200AC14F8 /* DemoAPI */ = {
			isa = PBXNativeTarget;
			buildConfigurationList = 9EAB647A2685725200AC14F8 /* Build configuration list for PBXNativeTarget "DemoAPI" */;
			buildPhases = (
				9EAB64622685725200AC14F8 /* Sources */,
				9EAB64632685725200AC14F8 /* Frameworks */,
				9EAB64642685725200AC14F8 /* Resources */,
			);
			buildRules = (
			);
			dependencies = (
			);
			name = DemoAPI;
			productName = DemoAPI;
			productReference = 9EAB64662685725200AC14F8 /* DemoAPI.app */;
			productType = "com.apple.product-type.application";
		};
/* End PBXNativeTarget section */

/* Begin PBXProject section */
		9EAB645E2685725200AC14F8 /* Project object */ = {
			isa = PBXProject;
			attributes = {
				BuildIndependentTargetsInParallel = 1;
				LastSwiftUpdateCheck = 1300;
				LastUpgradeCheck = 1300;
				TargetAttributes = {
					9EAB64652685725200AC14F8 = {
						CreatedOnToolsVersion = 13.0;
					};
				};
			};
			buildConfigurationList = 9EAB64612685725200AC14F8 /* Build configuration list for PBXProject "DemoAPI" */;
			compatibilityVersion = "Xcode 13.0";
			developmentRegion = en;
			hasScannedForEncodings = 0;
			knownRegions = (
				en,
				Base,
			);
			mainGroup = 9EAB645D2685725200AC14F8;
			productRefGroup = 9EAB64672685725200AC14F8 /* Products */;
			projectDirPath = "";
			projectRoot = "";
			targets = (
				9EAB64652685725200AC14F8 /* DemoAPI */,
			);
		};
/* End PBXProject section */

/* Begin PBXResourcesBuildPhase section */
		9EAB64642685725200AC14F8 /* Resources */ = {
			isa = PBXResourcesBuildPhase;
			buildActionMask = 2147483647;
			files = (
				9EAB64762685725200AC14F8 /* LaunchScreen.storyboard in Resources */,
				9EAB64732685725200AC14F8 /* Assets.xcassets in Resources */,
				9EAB64712685725200AC14F8 /* Main.storyboard in Resources */,
			);
			runOnlyForDeploymentPostprocessing = 0;
		};
/* End PBXResourcesBuildPhase section */

/* Begin PBXSourcesBuildPhase section */
		9EAB64622685725200AC14F8 /* Sources */ = {
			isa = PBXSourcesBuildPhase;
			buildActionMask = 2147483647;
			files = (
				9EAB646E2685725200AC14F8 /* ViewController.swift in Sources */,
				9E76DA75268EC14F00123F5E /* WelcomeViewModel.swift in Sources */,
				9EAB646A2685725200AC14F8 /* AppDelegate.swift in Sources */,
				9EAB646C2685725200AC14F8 /* SceneDelegate.swift in Sources */,
				9E76DA77268F14ED00123F5E /* WelcomeViewModel2.swift in Sources */,
				9E76DA72268EB7FD00123F5E /* WelcomeViewController.swift in Sources */,
				9EAB64852685748D00AC14F8 /* Drink.swift in Sources */,
				9E663AE6269075E900768D7D /* HomeViewController.swift in Sources */,
				9EAB64832685747500AC14F8 /* Category.swift in Sources */,
				9EAB6487268574B200AC14F8 /* APIError.swift in Sources */,
				9EAB6489268574E000AC14F8 /* API.swift in Sources */,
			);
			runOnlyForDeploymentPostprocessing = 0;
		};
/* End PBXSourcesBuildPhase section */

/* Begin PBXVariantGroup section */
		9EAB646F2685725200AC14F8 /* Main.storyboard */ = {
			isa = PBXVariantGroup;
			children = (
				9EAB64702685725200AC14F8 /* Base */,
			);
			name = Main.storyboard;
			sourceTree = "<group>";
		};
		9EAB64742685725200AC14F8 /* LaunchScreen.storyboard */ = {
			isa = PBXVariantGroup;
			children = (
				9EAB64752685725200AC14F8 /* Base */,
			);
			name = LaunchScreen.storyboard;
			sourceTree = "<group>";
		};
/* End PBXVariantGroup section */

/* Begin XCBuildConfiguration section */
		9EAB64782685725200AC14F8 /* Debug */ = {
			isa = XCBuildConfiguration;
			buildSettings = {
				ALWAYS_SEARCH_USER_PATHS = NO;
				CLANG_ANALYZER_NONNULL = YES;
				CLANG_ANALYZER_NUMBER_OBJECT_CONVERSION = YES_AGGRESSIVE;
				CLANG_CXX_LANGUAGE_STANDARD = "gnu++14";
				CLANG_CXX_LIBRARY = "libc++";
				CLANG_ENABLE_MODULES = YES;
				CLANG_ENABLE_OBJC_ARC = YES;
				CLANG_ENABLE_OBJC_WEAK = YES;
				CLANG_WARN_BLOCK_CAPTURE_AUTORELEASING = YES;
				CLANG_WARN_BOOL_CONVERSION = YES;
				CLANG_WARN_COMMA = YES;
				CLANG_WARN_CONSTANT_CONVERSION = YES;
				CLANG_WARN_DEPRECATED_OBJC_IMPLEMENTATIONS = YES;
				CLANG_WARN_DIRECT_OBJC_ISA_USAGE = YES_ERROR;
				CLANG_WARN_DOCUMENTATION_COMMENTS = YES;
				CLANG_WARN_EMPTY_BODY = YES;
				CLANG_WARN_ENUM_CONVERSION = YES;
				CLANG_WARN_INFINITE_RECURSION = YES;
				CLANG_WARN_INT_CONVERSION = YES;
				CLANG_WARN_NON_LITERAL_NULL_CONVERSION = YES;
				CLANG_WARN_OBJC_IMPLICIT_RETAIN_SELF = YES;
				CLANG_WARN_OBJC_LITERAL_CONVERSION = YES;
				CLANG_WARN_OBJC_ROOT_CLASS = YES_ERROR;
				CLANG_WARN_QUOTED_INCLUDE_IN_FRAMEWORK_HEADER = YES;
				CLANG_WARN_RANGE_LOOP_ANALYSIS = YES;
				CLANG_WARN_STRICT_PROTOTYPES = YES;
				CLANG_WARN_SUSPICIOUS_MOVE = YES;
				CLANG_WARN_UNGUARDED_AVAILABILITY = YES_AGGRESSIVE;
				CLANG_WARN_UNREACHABLE_CODE = YES;
				CLANG_WARN__DUPLICATE_METHOD_MATCH = YES;
				COPY_PHASE_STRIP = NO;
				DEBUG_INFORMATION_FORMAT = dwarf;
				ENABLE_STRICT_OBJC_MSGSEND = YES;
				ENABLE_TESTABILITY = YES;
				GCC_C_LANGUAGE_STANDARD = gnu11;
				GCC_DYNAMIC_NO_PIC = NO;
				GCC_NO_COMMON_BLOCKS = YES;
				GCC_OPTIMIZATION_LEVEL = 0;
				GCC_PREPROCESSOR_DEFINITIONS = (
					"DEBUG=1",
					"$(inherited)",
				);
				GCC_WARN_64_TO_32_BIT_CONVERSION = YES;
				GCC_WARN_ABOUT_RETURN_TYPE = YES_ERROR;
				GCC_WARN_UNDECLARED_SELECTOR = YES;
				GCC_WARN_UNINITIALIZED_AUTOS = YES_AGGRESSIVE;
				GCC_WARN_UNUSED_FUNCTION = YES;
				GCC_WARN_UNUSED_VARIABLE = YES;
				IPHONEOS_DEPLOYMENT_TARGET = 15.0;
				MTL_ENABLE_DEBUG_INFO = INCLUDE_SOURCE;
				MTL_FAST_MATH = YES;
				ONLY_ACTIVE_ARCH = YES;
				SDKROOT = iphoneos;
				SWIFT_ACTIVE_COMPILATION_CONDITIONS = DEBUG;
				SWIFT_OPTIMIZATION_LEVEL = "-Onone";
			};
			name = Debug;
		};
		9EAB64792685725200AC14F8 /* Release */ = {
			isa = XCBuildConfiguration;
			buildSettings = {
				ALWAYS_SEARCH_USER_PATHS = NO;
				CLANG_ANALYZER_NONNULL = YES;
				CLANG_ANALYZER_NUMBER_OBJECT_CONVERSION = YES_AGGRESSIVE;
				CLANG_CXX_LANGUAGE_STANDARD = "gnu++14";
				CLANG_CXX_LIBRARY = "libc++";
				CLANG_ENABLE_MODULES = YES;
				CLANG_ENABLE_OBJC_ARC = YES;
				CLANG_ENABLE_OBJC_WEAK = YES;
				CLANG_WARN_BLOCK_CAPTURE_AUTORELEASING = YES;
				CLANG_WARN_BOOL_CONVERSION = YES;
				CLANG_WARN_COMMA = YES;
				CLANG_WARN_CONSTANT_CONVERSION = YES;
				CLANG_WARN_DEPRECATED_OBJC_IMPLEMENTATIONS = YES;
				CLANG_WARN_DIRECT_OBJC_ISA_USAGE = YES_ERROR;
				CLANG_WARN_DOCUMENTATION_COMMENTS = YES;
				CLANG_WARN_EMPTY_BODY = YES;
				CLANG_WARN_ENUM_CONVERSION = YES;
				CLANG_WARN_INFINITE_RECURSION = YES;
				CLANG_WARN_INT_CONVERSION = YES;
				CLANG_WARN_NON_LITERAL_NULL_CONVERSION = YES;
				CLANG_WARN_OBJC_IMPLICIT_RETAIN_SELF = YES;
				CLANG_WARN_OBJC_LITERAL_CONVERSION = YES;
				CLANG_WARN_OBJC_ROOT_CLASS = YES_ERROR;
				CLANG_WARN_QUOTED_INCLUDE_IN_FRAMEWORK_HEADER = YES;
				CLANG_WARN_RANGE_LOOP_ANALYSIS = YES;
				CLANG_WARN_STRICT_PROTOTYPES = YES;
				CLANG_WARN_SUSPICIOUS_MOVE = YES;
				CLANG_WARN_UNGUARDED_AVAILABILITY = YES_AGGRESSIVE;
				CLANG_WARN_UNREACHABLE_CODE = YES;
				CLANG_WARN__DUPLICATE_METHOD_MATCH = YES;
				COPY_PHASE_STRIP = NO;
				DEBUG_INFORMATION_FORMAT = "dwarf-with-dsym";
				ENABLE_NS_ASSERTIONS = NO;
				ENABLE_STRICT_OBJC_MSGSEND = YES;
				GCC_C_LANGUAGE_STANDARD = gnu11;
				GCC_NO_COMMON_BLOCKS = YES;
				GCC_WARN_64_TO_32_BIT_CONVERSION = YES;
				GCC_WARN_ABOUT_RETURN_TYPE = YES_ERROR;
				GCC_WARN_UNDECLARED_SELECTOR = YES;
				GCC_WARN_UNINITIALIZED_AUTOS = YES_AGGRESSIVE;
				GCC_WARN_UNUSED_FUNCTION = YES;
				GCC_WARN_UNUSED_VARIABLE = YES;
				IPHONEOS_DEPLOYMENT_TARGET = 15.0;
				MTL_ENABLE_DEBUG_INFO = NO;
				MTL_FAST_MATH = YES;
				SDKROOT = iphoneos;
				SWIFT_COMPILATION_MODE = wholemodule;
				SWIFT_OPTIMIZATION_LEVEL = "-O";
				VALIDATE_PRODUCT = YES;
			};
			name = Release;
		};
		9EAB647B2685725200AC14F8 /* Debug */ = {
			isa = XCBuildConfiguration;
			buildSettings = {
				ASSETCATALOG_COMPILER_APPICON_NAME = AppIcon;
				ASSETCATALOG_COMPILER_GLOBAL_ACCENT_COLOR_NAME = AccentColor;
				CODE_SIGN_STYLE = Automatic;
				CURRENT_PROJECT_VERSION = 1;
				DEVELOPMENT_TEAM = QG598U658S;
				GENERATE_INFOPLIST_FILE = YES;
				INFOPLIST_FILE = DemoAPI/Info.plist;
				INFOPLIST_KEY_UIApplicationSupportsIndirectInputEvents = YES;
				INFOPLIST_KEY_UILaunchStoryboardName = LaunchScreen;
				INFOPLIST_KEY_UIMainStoryboardFile = Main;
				INFOPLIST_KEY_UISupportedInterfaceOrientations_iPad = "UIInterfaceOrientationPortrait UIInterfaceOrientationPortraitUpsideDown UIInterfaceOrientationLandscapeLeft UIInterfaceOrientationLandscapeRight";
				INFOPLIST_KEY_UISupportedInterfaceOrientations_iPhone = "UIInterfaceOrientationPortrait UIInterfaceOrientationLandscapeLeft UIInterfaceOrientationLandscapeRight";
				LD_RUNPATH_SEARCH_PATHS = (
					"$(inherited)",
					"@executable_path/Frameworks",
				);
				MARKETING_VERSION = 1.0;
				PRODUCT_BUNDLE_IDENTIFIER = com.fx.DemoAPI;
				PRODUCT_NAME = "$(TARGET_NAME)";
				SWIFT_EMIT_LOC_STRINGS = YES;
				SWIFT_VERSION = 5.0;
				TARGETED_DEVICE_FAMILY = "1,2";
			};
			name = Debug;
		};
		9EAB647C2685725200AC14F8 /* Release */ = {
			isa = XCBuildConfiguration;
			buildSettings = {
				ASSETCATALOG_COMPILER_APPICON_NAME = AppIcon;
				ASSETCATALOG_COMPILER_GLOBAL_ACCENT_COLOR_NAME = AccentColor;
				CODE_SIGN_STYLE = Automatic;
				CURRENT_PROJECT_VERSION = 1;
				DEVELOPMENT_TEAM = QG598U658S;
				GENERATE_INFOPLIST_FILE = YES;
				INFOPLIST_FILE = DemoAPI/Info.plist;
				INFOPLIST_KEY_UIApplicationSupportsIndirectInputEvents = YES;
				INFOPLIST_KEY_UILaunchStoryboardName = LaunchScreen;
				INFOPLIST_KEY_UIMainStoryboardFile = Main;
				INFOPLIST_KEY_UISupportedInterfaceOrientations_iPad = "UIInterfaceOrientationPortrait UIInterfaceOrientationPortraitUpsideDown UIInterfaceOrientationLandscapeLeft UIInterfaceOrientationLandscapeRight";
				INFOPLIST_KEY_UISupportedInterfaceOrientations_iPhone = "UIInterfaceOrientationPortrait UIInterfaceOrientationLandscapeLeft UIInterfaceOrientationLandscapeRight";
				LD_RUNPATH_SEARCH_PATHS = (
					"$(inherited)",
					"@executable_path/Frameworks",
				);
				MARKETING_VERSION = 1.0;
				PRODUCT_BUNDLE_IDENTIFIER = com.fx.DemoAPI;
				PRODUCT_NAME = "$(TARGET_NAME)";
				SWIFT_EMIT_LOC_STRINGS = YES;
				SWIFT_VERSION = 5.0;
				TARGETED_DEVICE_FAMILY = "1,2";
			};
			name = Release;
		};
/* End XCBuildConfiguration section */

/* Begin XCConfigurationList section */
		9EAB64612685725200AC14F8 /* Build configuration list for PBXProject "DemoAPI" */ = {
			isa = XCConfigurationList;
			buildConfigurations = (
				9EAB64782685725200AC14F8 /* Debug */,
				9EAB64792685725200AC14F8 /* Release */,
			);
			defaultConfigurationIsVisible = 0;
			defaultConfigurationName = Release;
		};
		9EAB647A2685725200AC14F8 /* Build configuration list for PBXNativeTarget "DemoAPI" */ = {
			isa = XCConfigurationList;
			buildConfigurations = (
				9EAB647B2685725200AC14F8 /* Debug */,
				9EAB647C2685725200AC14F8 /* Release */,
			);
			defaultConfigurationIsVisible = 0;
			defaultConfigurationName = Release;
		};
/* End XCConfigurationList section */
	};
	rootObject = 9EAB645E2685725200AC14F8 /* Project object */;
}
