// !$*UTF8*$!
{
	archiveVersion = 1;
	classes = {
	};
	objectVersion = 50;
	objects = {

/* Begin PBXBuildFile section */
		9E3C35B925BFBE32001747DA /* AppDelegate.swift in Sources */ = {isa = PBXBuildFile; fileRef = 9E3C35B825BFBE32001747DA /* AppDelegate.swift */; };
		9E3C35BB25BFBE32001747DA /* SceneDelegate.swift in Sources */ = {isa = PBXBuildFile; fileRef = 9E3C35BA25BFBE32001747DA /* SceneDelegate.swift */; };
		9E3C35BD25BFBE32001747DA /* ViewController.swift in Sources */ = {isa = PBXBuildFile; fileRef = 9E3C35BC25BFBE32001747DA /* ViewController.swift */; };
		9E3C35C025BFBE32001747DA /* Main.storyboard in Resources */ = {isa = PBXBuildFile; fileRef = 9E3C35BE25BFBE32001747DA /* Main.storyboard */; };
		9E3C35C225BFBE3D001747DA /* Assets.xcassets in Resources */ = {isa = PBXBuildFile; fileRef = 9E3C35C125BFBE3D001747DA /* Assets.xcassets */; };
		9E3C35C525BFBE3D001747DA /* LaunchScreen.storyboard in Resources */ = {isa = PBXBuildFile; fileRef = 9E3C35C325BFBE3D001747DA /* LaunchScreen.storyboard */; };
		9E3C35CE25BFBEAD001747DA /* Book.swift in Sources */ = {isa = PBXBuildFile; fileRef = 9E3C35CD25BFBEAD001747DA /* Book.swift */; };
/* End PBXBuildFile section */

/* Begin PBXFileReference section */
		9E3C35B525BFBE32001747DA /* ListContentView.app */ = {isa = PBXFileReference; explicitFileType = wrapper.application; includeInIndex = 0; path = ListContentView.app; sourceTree = BUILT_PRODUCTS_DIR; };
		9E3C35B825BFBE32001747DA /* AppDelegate.swift */ = {isa = PBXFileReference; lastKnownFileType = sourcecode.swift; path = AppDelegate.swift; sourceTree = "<group>"; };
		9E3C35BA25BFBE32001747DA /* SceneDelegate.swift */ = {isa = PBXFileReference; lastKnownFileType = sourcecode.swift; path = SceneDelegate.swift; sourceTree = "<group>"; };
		9E3C35BC25BFBE32001747DA /* ViewController.swift */ = {isa = PBXFileReference; lastKnownFileType = sourcecode.swift; path = ViewController.swift; sourceTree = "<group>"; };
		9E3C35BF25BFBE32001747DA /* Base */ = {isa = PBXFileReference; lastKnownFileType = file.storyboard; name = Base; path = Base.lproj/Main.storyboard; sourceTree = "<group>"; };
		9E3C35C125BFBE3D001747DA /* Assets.xcassets */ = {isa = PBXFileReference; lastKnownFileType = folder.assetcatalog; path = Assets.xcassets; sourceTree = "<group>"; };
		9E3C35C425BFBE3D001747DA /* Base */ = {isa = PBXFileReference; lastKnownFileType = file.storyboard; name = Base; path = Base.lproj/LaunchScreen.storyboard; sourceTree = "<group>"; };
		9E3C35C625BFBE3D001747DA /* Info.plist */ = {isa = PBXFileReference; lastKnownFileType = text.plist.xml; path = Info.plist; sourceTree = "<group>"; };
		9E3C35CD25BFBEAD001747DA /* Book.swift */ = {isa = PBXFileReference; lastKnownFileType = sourcecode.swift; path = Book.swift; sourceTree = "<group>"; };
/* End PBXFileReference section */

/* Begin PBXFrameworksBuildPhase section */
		9E3C35B225BFBE32001747DA /* Frameworks */ = {
			isa = PBXFrameworksBuildPhase;
			buildActionMask = 2147483647;
			files = (
			);
			runOnlyForDeploymentPostprocessing = 0;
		};
/* End PBXFrameworksBuildPhase section */

/* Begin PBXGroup section */
		9E3C35AC25BFBE32001747DA = {
			isa = PBXGroup;
			children = (
				9E3C35B725BFBE32001747DA /* ListContentView */,
				9E3C35B625BFBE32001747DA /* Products */,
			);
			sourceTree = "<group>";
		};
		9E3C35B625BFBE32001747DA /* Products */ = {
			isa = PBXGroup;
			children = (
				9E3C35B525BFBE32001747DA /* ListContentView.app */,
			);
			name = Products;
			sourceTree = "<group>";
		};
		9E3C35B725BFBE32001747DA /* ListContentView */ = {
			isa = PBXGroup;
			children = (
				9E3C35B825BFBE32001747DA /* AppDelegate.swift */,
				9E3C35BA25BFBE32001747DA /* SceneDelegate.swift */,
				9E3C35BC25BFBE32001747DA /* ViewController.swift */,
				9E3C35BE25BFBE32001747DA /* Main.storyboard */,
				9E3C35C125BFBE3D001747DA /* Assets.xcassets */,
				9E3C35C325BFBE3D001747DA /* LaunchScreen.storyboard */,
				9E3C35C625BFBE3D001747DA /* Info.plist */,
				9E3C35CD25BFBEAD001747DA /* Book.swift */,
			);
			path = ListContentView;
			sourceTree = "<group>";
		};
/* End PBXGroup section */

/* Begin PBXNativeTarget section */
		9E3C35B425BFBE32001747DA /* ListContentView */ = {
			isa = PBXNativeTarget;
			buildConfigurationList = 9E3C35C925BFBE3D001747DA /* Build configuration list for PBXNativeTarget "ListContentView" */;
			buildPhases = (
				9E3C35B125BFBE32001747DA /* Sources */,
				9E3C35B225BFBE32001747DA /* Frameworks */,
				9E3C35B325BFBE32001747DA /* Resources */,
			);
			buildRules = (
			);
			dependencies = (
			);
			name = ListContentView;
			productName = ListContentView;
			productReference = 9E3C35B525BFBE32001747DA /* ListContentView.app */;
			productType = "com.apple.product-type.application";
		};
/* End PBXNativeTarget section */

/* Begin PBXProject section */
		9E3C35AD25BFBE32001747DA /* Project object */ = {
			isa = PBXProject;
			attributes = {
				LastSwiftUpdateCheck = 1210;
				LastUpgradeCheck = 1210;
				TargetAttributes = {
					9E3C35B425BFBE32001747DA = {
						CreatedOnToolsVersion = 12.1;
					};
				};
			};
			buildConfigurationList = 9E3C35B025BFBE32001747DA /* Build configuration list for PBXProject "ListContentView" */;
			compatibilityVersion = "Xcode 9.3";
			developmentRegion = en;
			hasScannedForEncodings = 0;
			knownRegions = (
				en,
				Base,
			);
			mainGroup = 9E3C35AC25BFBE32001747DA;
			productRefGroup = 9E3C35B625BFBE32001747DA /* Products */;
			projectDirPath = "";
			projectRoot = "";
			targets = (
				9E3C35B425BFBE32001747DA /* ListContentView */,
			);
		};
/* End PBXProject section */

/* Begin PBXResourcesBuildPhase section */
		9E3C35B325BFBE32001747DA /* Resources */ = {
			isa = PBXResourcesBuildPhase;
			buildActionMask = 2147483647;
			files = (
				9E3C35C525BFBE3D001747DA /* LaunchScreen.storyboard in Resources */,
				9E3C35C225BFBE3D001747DA /* Assets.xcassets in Resources */,
				9E3C35C025BFBE32001747DA /* Main.storyboard in Resources */,
			);
			runOnlyForDeploymentPostprocessing = 0;
		};
/* End PBXResourcesBuildPhase section */

/* Begin PBXSourcesBuildPhase section */
		9E3C35B125BFBE32001747DA /* Sources */ = {
			isa = PBXSourcesBuildPhase;
			buildActionMask = 2147483647;
			files = (
				9E3C35CE25BFBEAD001747DA /* Book.swift in Sources */,
				9E3C35BD25BFBE32001747DA /* ViewController.swift in Sources */,
				9E3C35B925BFBE32001747DA /* AppDelegate.swift in Sources */,
				9E3C35BB25BFBE32001747DA /* SceneDelegate.swift in Sources */,
			);
			runOnlyForDeploymentPostprocessing = 0;
		};
/* End PBXSourcesBuildPhase section */

/* Begin PBXVariantGroup section */
		9E3C35BE25BFBE32001747DA /* Main.storyboard */ = {
			isa = PBXVariantGroup;
			children = (
				9E3C35BF25BFBE32001747DA /* Base */,
			);
			name = Main.storyboard;
			sourceTree = "<group>";
		};
		9E3C35C325BFBE3D001747DA /* LaunchScreen.storyboard */ = {
			isa = PBXVariantGroup;
			children = (
				9E3C35C425BFBE3D001747DA /* Base */,
			);
			name = LaunchScreen.storyboard;
			sourceTree = "<group>";
		};
/* End PBXVariantGroup section */

/* Begin XCBuildConfiguration section */
		9E3C35C725BFBE3D001747DA /* Debug */ = {
			isa = XCBuildConfiguration;
			buildSettings = {
				ALWAYS_SEARCH_USER_PATHS = NO;
				CLANG_ANALYZER_NONNULL = YES;
				CLANG_ANALYZER_NUMBER_OBJECT_CONVERSION = YES_AGGRESSIVE;
				CLANG_CXX_LANGUAGE_STANDARD = "gnu++14";
				CLANG_CXX_LIBRARY = "libc++";
				CLANG_ENABLE_MODULES = YES;
				CLANG_ENABLE_OBJC_ARC = YES;
				CLANG_ENABLE_OBJC_WEAK = YES;
				CLANG_WARN_BLOCK_CAPTURE_AUTORELEASING = YES;
				CLANG_WARN_BOOL_CONVERSION = YES;
				CLANG_WARN_COMMA = YES;
				CLANG_WARN_CONSTANT_CONVERSION = YES;
				CLANG_WARN_DEPRECATED_OBJC_IMPLEMENTATIONS = YES;
				CLANG_WARN_DIRECT_OBJC_ISA_USAGE = YES_ERROR;
				CLANG_WARN_DOCUMENTATION_COMMENTS = YES;
				CLANG_WARN_EMPTY_BODY = YES;
				CLANG_WARN_ENUM_CONVERSION = YES;
				CLANG_WARN_INFINITE_RECURSION = YES;
				CLANG_WARN_INT_CONVERSION = YES;
				CLANG_WARN_NON_LITERAL_NULL_CONVERSION = YES;
				CLANG_WARN_OBJC_IMPLICIT_RETAIN_SELF = YES;
				CLANG_WARN_OBJC_LITERAL_CONVERSION = YES;
				CLANG_WARN_OBJC_ROOT_CLASS = YES_ERROR;
				CLANG_WARN_QUOTED_INCLUDE_IN_FRAMEWORK_HEADER = YES;
				CLANG_WARN_RANGE_LOOP_ANALYSIS = YES;
				CLANG_WARN_STRICT_PROTOTYPES = YES;
				CLANG_WARN_SUSPICIOUS_MOVE = YES;
				CLANG_WARN_UNGUARDED_AVAILABILITY = YES_AGGRESSIVE;
				CLANG_WARN_UNREACHABLE_CODE = YES;
				CLANG_WARN__DUPLICATE_METHOD_MATCH = YES;
				COPY_PHASE_STRIP = NO;
				DEBUG_INFORMATION_FORMAT = dwarf;
				ENABLE_STRICT_OBJC_MSGSEND = YES;
				ENABLE_TESTABILITY = YES;
				GCC_C_LANGUAGE_STANDARD = gnu11;
				GCC_DYNAMIC_NO_PIC = NO;
				GCC_NO_COMMON_BLOCKS = YES;
				GCC_OPTIMIZATION_LEVEL = 0;
				GCC_PREPROCESSOR_DEFINITIONS = (
					"DEBUG=1",
					"$(inherited)",
				);
				GCC_WARN_64_TO_32_BIT_CONVERSION = YES;
				GCC_WARN_ABOUT_RETURN_TYPE = YES_ERROR;
				GCC_WARN_UNDECLARED_SELECTOR = YES;
				GCC_WARN_UNINITIALIZED_AUTOS = YES_AGGRESSIVE;
				GCC_WARN_UNUSED_FUNCTION = YES;
				GCC_WARN_UNUSED_VARIABLE = YES;
				IPHONEOS_DEPLOYMENT_TARGET = 14.1;
				MTL_ENABLE_DEBUG_INFO = INCLUDE_SOURCE;
				MTL_FAST_MATH = YES;
				ONLY_ACTIVE_ARCH = YES;
				SDKROOT = iphoneos;
				SWIFT_ACTIVE_COMPILATION_CONDITIONS = DEBUG;
				SWIFT_OPTIMIZATION_LEVEL = "-Onone";
			};
			name = Debug;
		};
		9E3C35C825BFBE3D001747DA /* Release */ = {
			isa = XCBuildConfiguration;
			buildSettings = {
				ALWAYS_SEARCH_USER_PATHS = NO;
				CLANG_ANALYZER_NONNULL = YES;
				CLANG_ANALYZER_NUMBER_OBJECT_CONVERSION = YES_AGGRESSIVE;
				CLANG_CXX_LANGUAGE_STANDARD = "gnu++14";
				CLANG_CXX_LIBRARY = "libc++";
				CLANG_ENABLE_MODULES = YES;
				CLANG_ENABLE_OBJC_ARC = YES;
				CLANG_ENABLE_OBJC_WEAK = YES;
				CLANG_WARN_BLOCK_CAPTURE_AUTORELEASING = YES;
				CLANG_WARN_BOOL_CONVERSION = YES;
				CLANG_WARN_COMMA = YES;
				CLANG_WARN_CONSTANT_CONVERSION = YES;
				CLANG_WARN_DEPRECATED_OBJC_IMPLEMENTATIONS = YES;
				CLANG_WARN_DIRECT_OBJC_ISA_USAGE = YES_ERROR;
				CLANG_WARN_DOCUMENTATION_COMMENTS = YES;
				CLANG_WARN_EMPTY_BODY = YES;
				CLANG_WARN_ENUM_CONVERSION = YES;
				CLANG_WARN_INFINITE_RECURSION = YES;
				CLANG_WARN_INT_CONVERSION = YES;
				CLANG_WARN_NON_LITERAL_NULL_CONVERSION = YES;
				CLANG_WARN_OBJC_IMPLICIT_RETAIN_SELF = YES;
				CLANG_WARN_OBJC_LITERAL_CONVERSION = YES;
				CLANG_WARN_OBJC_ROOT_CLASS = YES_ERROR;
				CLANG_WARN_QUOTED_INCLUDE_IN_FRAMEWORK_HEADER = YES;
				CLANG_WARN_RANGE_LOOP_ANALYSIS = YES;
				CLANG_WARN_STRICT_PROTOTYPES = YES;
				CLANG_WARN_SUSPICIOUS_MOVE = YES;
				CLANG_WARN_UNGUARDED_AVAILABILITY = YES_AGGRESSIVE;
				CLANG_WARN_UNREACHABLE_CODE = YES;
				CLANG_WARN__DUPLICATE_METHOD_MATCH = YES;
				COPY_PHASE_STRIP = NO;
				DEBUG_INFORMATION_FORMAT = "dwarf-with-dsym";
				ENABLE_NS_ASSERTIONS = NO;
				ENABLE_STRICT_OBJC_MSGSEND = YES;
				GCC_C_LANGUAGE_STANDARD = gnu11;
				GCC_NO_COMMON_BLOCKS = YES;
				GCC_WARN_64_TO_32_BIT_CONVERSION = YES;
				GCC_WARN_ABOUT_RETURN_TYPE = YES_ERROR;
				GCC_WARN_UNDECLARED_SELECTOR = YES;
				GCC_WARN_UNINITIALIZED_AUTOS = YES_AGGRESSIVE;
				GCC_WARN_UNUSED_FUNCTION = YES;
				GCC_WARN_UNUSED_VARIABLE = YES;
				IPHONEOS_DEPLOYMENT_TARGET = 14.1;
				MTL_ENABLE_DEBUG_INFO = NO;
				MTL_FAST_MATH = YES;
				SDKROOT = iphoneos;
				SWIFT_COMPILATION_MODE = wholemodule;
				SWIFT_OPTIMIZATION_LEVEL = "-O";
				VALIDATE_PRODUCT = YES;
			};
			name = Release;
		};
		9E3C35CA25BFBE3D001747DA /* Debug */ = {
			isa = XCBuildConfiguration;
			buildSettings = {
				ASSETCATALOG_COMPILER_APPICON_NAME = AppIcon;
				ASSETCATALOG_COMPILER_GLOBAL_ACCENT_COLOR_NAME = AccentColor;
				CODE_SIGN_STYLE = Automatic;
				DEVELOPMENT_TEAM = QG598U658S;
				INFOPLIST_FILE = ListContentView/Info.plist;
				LD_RUNPATH_SEARCH_PATHS = (
					"$(inherited)",
					"@executable_path/Frameworks",
				);
				PRODUCT_BUNDLE_IDENTIFIER = com.fx.ListContentView;
				PRODUCT_NAME = "$(TARGET_NAME)";
				SWIFT_VERSION = 5.0;
				TARGETED_DEVICE_FAMILY = "1,2";
			};
			name = Debug;
		};
		9E3C35CB25BFBE3D001747DA /* Release */ = {
			isa = XCBuildConfiguration;
			buildSettings = {
				ASSETCATALOG_COMPILER_APPICON_NAME = AppIcon;
				ASSETCATALOG_COMPILER_GLOBAL_ACCENT_COLOR_NAME = AccentColor;
				CODE_SIGN_STYLE = Automatic;
				DEVELOPMENT_TEAM = QG598U658S;
				INFOPLIST_FILE = ListContentView/Info.plist;
				LD_RUNPATH_SEARCH_PATHS = (
					"$(inherited)",
					"@executable_path/Frameworks",
				);
				PRODUCT_BUNDLE_IDENTIFIER = com.fx.ListContentView;
				PRODUCT_NAME = "$(TARGET_NAME)";
				SWIFT_VERSION = 5.0;
				TARGETED_DEVICE_FAMILY = "1,2";
			};
			name = Release;
		};
/* End XCBuildConfiguration section */

/* Begin XCConfigurationList section */
		9E3C35B025BFBE32001747DA /* Build configuration list for PBXProject "ListContentView" */ = {
			isa = XCConfigurationList;
			buildConfigurations = (
				9E3C35C725BFBE3D001747DA /* Debug */,
				9E3C35C825BFBE3D001747DA /* Release */,
			);
			defaultConfigurationIsVisible = 0;
			defaultConfigurationName = Release;
		};
		9E3C35C925BFBE3D001747DA /* Build configuration list for PBXNativeTarget "ListContentView" */ = {
			isa = XCConfigurationList;
			buildConfigurations = (
				9E3C35CA25BFBE3D001747DA /* Debug */,
				9E3C35CB25BFBE3D001747DA /* Release */,
			);
			defaultConfigurationIsVisible = 0;
			defaultConfigurationName = Release;
		};
/* End XCConfigurationList section */
	};
	rootObject = 9E3C35AD25BFBE32001747DA /* Project object */;
}
