// !$*UTF8*$!
{
	archiveVersion = 1;
	classes = {
	};
	objectVersion = 50;
	objects = {

/* Begin PBXBuildFile section */
		9E375A68239A00E400670911 /* AppDelegate.swift in Sources */ = {isa = PBXBuildFile; fileRef = 9E375A67239A00E400670911 /* AppDelegate.swift */; };
		9E375A6A239A00E400670911 /* SceneDelegate.swift in Sources */ = {isa = PBXBuildFile; fileRef = 9E375A69239A00E400670911 /* SceneDelegate.swift */; };
		9E375A71239A00E500670911 /* Assets.xcassets in Resources */ = {isa = PBXBuildFile; fileRef = 9E375A70239A00E500670911 /* Assets.xcassets */; };
		9E375A74239A00E500670911 /* LaunchScreen.storyboard in Resources */ = {isa = PBXBuildFile; fileRef = 9E375A72239A00E500670911 /* LaunchScreen.storyboard */; };
		9E375A86239A019900670911 /* HomeViewController.swift in Sources */ = {isa = PBXBuildFile; fileRef = 9E375A84239A019900670911 /* HomeViewController.swift */; };
		9E375A87239A019900670911 /* HomeViewController.xib in Resources */ = {isa = PBXBuildFile; fileRef = 9E375A85239A019900670911 /* HomeViewController.xib */; };
		9E375A8A239A01BF00670911 /* FriendsViewController.swift in Sources */ = {isa = PBXBuildFile; fileRef = 9E375A88239A01BF00670911 /* FriendsViewController.swift */; };
		9E375A8B239A01BF00670911 /* FriendsViewController.xib in Resources */ = {isa = PBXBuildFile; fileRef = 9E375A89239A01BF00670911 /* FriendsViewController.xib */; };
		9E375A8E239A01E700670911 /* MessagesViewController.swift in Sources */ = {isa = PBXBuildFile; fileRef = 9E375A8C239A01E700670911 /* MessagesViewController.swift */; };
		9E375A8F239A01E700670911 /* MessagesViewController.xib in Resources */ = {isa = PBXBuildFile; fileRef = 9E375A8D239A01E700670911 /* MessagesViewController.xib */; };
		9E375A92239A020200670911 /* ProfileViewController.swift in Sources */ = {isa = PBXBuildFile; fileRef = 9E375A90239A020200670911 /* ProfileViewController.swift */; };
		9E375A93239A020200670911 /* ProfileViewController.xib in Resources */ = {isa = PBXBuildFile; fileRef = 9E375A91239A020200670911 /* ProfileViewController.xib */; };
		9E3CAA7A23A76BB200DD9B10 /* LoginViewController.swift in Sources */ = {isa = PBXBuildFile; fileRef = 9E3CAA7723A76BB200DD9B10 /* LoginViewController.swift */; };
		9E3CAA7B23A76BB200DD9B10 /* LoginViewModel.swift in Sources */ = {isa = PBXBuildFile; fileRef = 9E3CAA7823A76BB200DD9B10 /* LoginViewModel.swift */; };
		9E3CAA7C23A76BB200DD9B10 /* LoginViewController.xib in Resources */ = {isa = PBXBuildFile; fileRef = 9E3CAA7923A76BB200DD9B10 /* LoginViewController.xib */; };
		9E3CAA8423A76BCA00DD9B10 /* RegisterViewController.xib in Resources */ = {isa = PBXBuildFile; fileRef = 9E3CAA7E23A76BCA00DD9B10 /* RegisterViewController.xib */; };
		9E3CAA8523A76BCA00DD9B10 /* RegisterViewController.swift in Sources */ = {isa = PBXBuildFile; fileRef = 9E3CAA7F23A76BCA00DD9B10 /* RegisterViewController.swift */; };
		9E3CAA8623A76BCA00DD9B10 /* RegisterViewModel.swift in Sources */ = {isa = PBXBuildFile; fileRef = 9E3CAA8023A76BCA00DD9B10 /* RegisterViewModel.swift */; };
		9E3CAA8723A76BCA00DD9B10 /* ForgotPasswordViewController.swift in Sources */ = {isa = PBXBuildFile; fileRef = 9E3CAA8223A76BCA00DD9B10 /* ForgotPasswordViewController.swift */; };
		9E3CAA8823A76BCA00DD9B10 /* ForgotPasswordViewController.xib in Resources */ = {isa = PBXBuildFile; fileRef = 9E3CAA8323A76BCA00DD9B10 /* ForgotPasswordViewController.xib */; };
		9E3CAA8D23A76BE100DD9B10 /* BaseTabBarController.swift in Sources */ = {isa = PBXBuildFile; fileRef = 9E3CAA8A23A76BE100DD9B10 /* BaseTabBarController.swift */; };
		9E3CAA8E23A76BE100DD9B10 /* BaseViewController.swift in Sources */ = {isa = PBXBuildFile; fileRef = 9E3CAA8B23A76BE100DD9B10 /* BaseViewController.swift */; };
		9E3CAA8F23A76BE100DD9B10 /* BaseNavigationController.swift in Sources */ = {isa = PBXBuildFile; fileRef = 9E3CAA8C23A76BE100DD9B10 /* BaseNavigationController.swift */; };
		9E3CAA9123A776C100DD9B10 /* DataManager.swift in Sources */ = {isa = PBXBuildFile; fileRef = 9E3CAA9023A776C100DD9B10 /* DataManager.swift */; };
		9E3CAA9323A78C0400DD9B10 /* HomeViewModel.swift in Sources */ = {isa = PBXBuildFile; fileRef = 9E3CAA9223A78C0400DD9B10 /* HomeViewModel.swift */; };
/* End PBXBuildFile section */

/* Begin PBXFileReference section */
		9E375A64239A00E400670911 /* DemoTabbarController.app */ = {isa = PBXFileReference; explicitFileType = wrapper.application; includeInIndex = 0; path = DemoTabbarController.app; sourceTree = BUILT_PRODUCTS_DIR; };
		9E375A67239A00E400670911 /* AppDelegate.swift */ = {isa = PBXFileReference; lastKnownFileType = sourcecode.swift; path = AppDelegate.swift; sourceTree = "<group>"; };
		9E375A69239A00E400670911 /* SceneDelegate.swift */ = {isa = PBXFileReference; lastKnownFileType = sourcecode.swift; path = SceneDelegate.swift; sourceTree = "<group>"; };
		9E375A70239A00E500670911 /* Assets.xcassets */ = {isa = PBXFileReference; lastKnownFileType = folder.assetcatalog; path = Assets.xcassets; sourceTree = "<group>"; };
		9E375A73239A00E500670911 /* Base */ = {isa = PBXFileReference; lastKnownFileType = file.storyboard; name = Base; path = Base.lproj/LaunchScreen.storyboard; sourceTree = "<group>"; };
		9E375A75239A00E500670911 /* Info.plist */ = {isa = PBXFileReference; lastKnownFileType = text.plist.xml; path = Info.plist; sourceTree = "<group>"; };
		9E375A84239A019900670911 /* HomeViewController.swift */ = {isa = PBXFileReference; lastKnownFileType = sourcecode.swift; path = HomeViewController.swift; sourceTree = "<group>"; };
		9E375A85239A019900670911 /* HomeViewController.xib */ = {isa = PBXFileReference; lastKnownFileType = file.xib; path = HomeViewController.xib; sourceTree = "<group>"; };
		9E375A88239A01BF00670911 /* FriendsViewController.swift */ = {isa = PBXFileReference; lastKnownFileType = sourcecode.swift; path = FriendsViewController.swift; sourceTree = "<group>"; };
		9E375A89239A01BF00670911 /* FriendsViewController.xib */ = {isa = PBXFileReference; lastKnownFileType = file.xib; path = FriendsViewController.xib; sourceTree = "<group>"; };
		9E375A8C239A01E700670911 /* MessagesViewController.swift */ = {isa = PBXFileReference; lastKnownFileType = sourcecode.swift; path = MessagesViewController.swift; sourceTree = "<group>"; };
		9E375A8D239A01E700670911 /* MessagesViewController.xib */ = {isa = PBXFileReference; lastKnownFileType = file.xib; path = MessagesViewController.xib; sourceTree = "<group>"; };
		9E375A90239A020200670911 /* ProfileViewController.swift */ = {isa = PBXFileReference; lastKnownFileType = sourcecode.swift; path = ProfileViewController.swift; sourceTree = "<group>"; };
		9E375A91239A020200670911 /* ProfileViewController.xib */ = {isa = PBXFileReference; lastKnownFileType = file.xib; path = ProfileViewController.xib; sourceTree = "<group>"; };
		9E3CAA7723A76BB200DD9B10 /* LoginViewController.swift */ = {isa = PBXFileReference; fileEncoding = 4; lastKnownFileType = sourcecode.swift; path = LoginViewController.swift; sourceTree = "<group>"; };
		9E3CAA7823A76BB200DD9B10 /* LoginViewModel.swift */ = {isa = PBXFileReference; fileEncoding = 4; lastKnownFileType = sourcecode.swift; path = LoginViewModel.swift; sourceTree = "<group>"; };
		9E3CAA7923A76BB200DD9B10 /* LoginViewController.xib */ = {isa = PBXFileReference; fileEncoding = 4; lastKnownFileType = file.xib; path = LoginViewController.xib; sourceTree = "<group>"; };
		9E3CAA7E23A76BCA00DD9B10 /* RegisterViewController.xib */ = {isa = PBXFileReference; fileEncoding = 4; lastKnownFileType = file.xib; path = RegisterViewController.xib; sourceTree = "<group>"; };
		9E3CAA7F23A76BCA00DD9B10 /* RegisterViewController.swift */ = {isa = PBXFileReference; fileEncoding = 4; lastKnownFileType = sourcecode.swift; path = RegisterViewController.swift; sourceTree = "<group>"; };
		9E3CAA8023A76BCA00DD9B10 /* RegisterViewModel.swift */ = {isa = PBXFileReference; fileEncoding = 4; lastKnownFileType = sourcecode.swift; path = RegisterViewModel.swift; sourceTree = "<group>"; };
		9E3CAA8223A76BCA00DD9B10 /* ForgotPasswordViewController.swift */ = {isa = PBXFileReference; fileEncoding = 4; lastKnownFileType = sourcecode.swift; path = ForgotPasswordViewController.swift; sourceTree = "<group>"; };
		9E3CAA8323A76BCA00DD9B10 /* ForgotPasswordViewController.xib */ = {isa = PBXFileReference; fileEncoding = 4; lastKnownFileType = file.xib; path = ForgotPasswordViewController.xib; sourceTree = "<group>"; };
		9E3CAA8A23A76BE100DD9B10 /* BaseTabBarController.swift */ = {isa = PBXFileReference; fileEncoding = 4; lastKnownFileType = sourcecode.swift; path = BaseTabBarController.swift; sourceTree = "<group>"; };
		9E3CAA8B23A76BE100DD9B10 /* BaseViewController.swift */ = {isa = PBXFileReference; fileEncoding = 4; lastKnownFileType = sourcecode.swift; path = BaseViewController.swift; sourceTree = "<group>"; };
		9E3CAA8C23A76BE100DD9B10 /* BaseNavigationController.swift */ = {isa = PBXFileReference; fileEncoding = 4; lastKnownFileType = sourcecode.swift; path = BaseNavigationController.swift; sourceTree = "<group>"; };
		9E3CAA9023A776C100DD9B10 /* DataManager.swift */ = {isa = PBXFileReference; lastKnownFileType = sourcecode.swift; path = DataManager.swift; sourceTree = "<group>"; };
		9E3CAA9223A78C0400DD9B10 /* HomeViewModel.swift */ = {isa = PBXFileReference; lastKnownFileType = sourcecode.swift; path = HomeViewModel.swift; sourceTree = "<group>"; };
/* End PBXFileReference section */

/* Begin PBXFrameworksBuildPhase section */
		9E375A61239A00E400670911 /* Frameworks */ = {
			isa = PBXFrameworksBuildPhase;
			buildActionMask = 2147483647;
			files = (
			);
			runOnlyForDeploymentPostprocessing = 0;
		};
/* End PBXFrameworksBuildPhase section */

/* Begin PBXGroup section */
		9E375A5B239A00E400670911 = {
			isa = PBXGroup;
			children = (
				9E375A66239A00E400670911 /* DemoTabbarController */,
				9E375A65239A00E400670911 /* Products */,
			);
			sourceTree = "<group>";
		};
		9E375A65239A00E400670911 /* Products */ = {
			isa = PBXGroup;
			children = (
				9E375A64239A00E400670911 /* DemoTabbarController.app */,
			);
			name = Products;
			sourceTree = "<group>";
		};
		9E375A66239A00E400670911 /* DemoTabbarController */ = {
			isa = PBXGroup;
			children = (
				9E375A7F239A014000670911 /* AppDelegate */,
				9E375A7E239A013900670911 /* Controllers */,
				9E375A7D239A013400670911 /* Views */,
				9E375A7C239A012D00670911 /* Models */,
				9E375A7B239A012100670911 /* Resources */,
				9E375A75239A00E500670911 /* Info.plist */,
			);
			path = DemoTabbarController;
			sourceTree = "<group>";
		};
		9E375A7B239A012100670911 /* Resources */ = {
			isa = PBXGroup;
			children = (
				9E375A70239A00E500670911 /* Assets.xcassets */,
				9E375A72239A00E500670911 /* LaunchScreen.storyboard */,
			);
			path = Resources;
			sourceTree = "<group>";
		};
		9E375A7C239A012D00670911 /* Models */ = {
			isa = PBXGroup;
			children = (
				9E3CAA9023A776C100DD9B10 /* DataManager.swift */,
			);
			path = Models;
			sourceTree = "<group>";
		};
		9E375A7D239A013400670911 /* Views */ = {
			isa = PBXGroup;
			children = (
			);
			path = Views;
			sourceTree = "<group>";
		};
		9E375A7E239A013900670911 /* Controllers */ = {
			isa = PBXGroup;
			children = (
				9E3CAA8123A76BCA00DD9B10 /* ForgotPasswordVC */,
				9E3CAA7D23A76BCA00DD9B10 /* RegisterVC */,
				9E3CAA7623A76B6D00DD9B10 /* LoginVC */,
				9E375A83239A017500670911 /* ProfileVC */,
				9E375A82239A015E00670911 /* MessagesVC */,
				9E375A81239A015700670911 /* FriendsVC */,
				9E375A80239A014E00670911 /* HomeVC */,
				9E3CAA8923A76BE100DD9B10 /* Base */,
			);
			path = Controllers;
			sourceTree = "<group>";
		};
		9E375A7F239A014000670911 /* AppDelegate */ = {
			isa = PBXGroup;
			children = (
				9E375A67239A00E400670911 /* AppDelegate.swift */,
				9E375A69239A00E400670911 /* SceneDelegate.swift */,
			);
			path = AppDelegate;
			sourceTree = "<group>";
		};
		9E375A80239A014E00670911 /* HomeVC */ = {
			isa = PBXGroup;
			children = (
				9E375A84239A019900670911 /* HomeViewController.swift */,
				9E375A85239A019900670911 /* HomeViewController.xib */,
				9E3CAA9223A78C0400DD9B10 /* HomeViewModel.swift */,
			);
			path = HomeVC;
			sourceTree = "<group>";
		};
		9E375A81239A015700670911 /* FriendsVC */ = {
			isa = PBXGroup;
			children = (
				9E375A88239A01BF00670911 /* FriendsViewController.swift */,
				9E375A89239A01BF00670911 /* FriendsViewController.xib */,
			);
			path = FriendsVC;
			sourceTree = "<group>";
		};
		9E375A82239A015E00670911 /* MessagesVC */ = {
			isa = PBXGroup;
			children = (
				9E375A8C239A01E700670911 /* MessagesViewController.swift */,
				9E375A8D239A01E700670911 /* MessagesViewController.xib */,
			);
			path = MessagesVC;
			sourceTree = "<group>";
		};
		9E375A83239A017500670911 /* ProfileVC */ = {
			isa = PBXGroup;
			children = (
				9E375A90239A020200670911 /* ProfileViewController.swift */,
				9E375A91239A020200670911 /* ProfileViewController.xib */,
			);
			path = ProfileVC;
			sourceTree = "<group>";
		};
		9E3CAA7623A76B6D00DD9B10 /* LoginVC */ = {
			isa = PBXGroup;
			children = (
				9E3CAA7723A76BB200DD9B10 /* LoginViewController.swift */,
				9E3CAA7923A76BB200DD9B10 /* LoginViewController.xib */,
				9E3CAA7823A76BB200DD9B10 /* LoginViewModel.swift */,
			);
			path = LoginVC;
			sourceTree = "<group>";
		};
		9E3CAA7D23A76BCA00DD9B10 /* RegisterVC */ = {
			isa = PBXGroup;
			children = (
				9E3CAA7E23A76BCA00DD9B10 /* RegisterViewController.xib */,
				9E3CAA7F23A76BCA00DD9B10 /* RegisterViewController.swift */,
				9E3CAA8023A76BCA00DD9B10 /* RegisterViewModel.swift */,
			);
			path = RegisterVC;
			sourceTree = "<group>";
		};
		9E3CAA8123A76BCA00DD9B10 /* ForgotPasswordVC */ = {
			isa = PBXGroup;
			children = (
				9E3CAA8223A76BCA00DD9B10 /* ForgotPasswordViewController.swift */,
				9E3CAA8323A76BCA00DD9B10 /* ForgotPasswordViewController.xib */,
			);
			path = ForgotPasswordVC;
			sourceTree = "<group>";
		};
		9E3CAA8923A76BE100DD9B10 /* Base */ = {
			isa = PBXGroup;
			children = (
				9E3CAA8A23A76BE100DD9B10 /* BaseTabBarController.swift */,
				9E3CAA8B23A76BE100DD9B10 /* BaseViewController.swift */,
				9E3CAA8C23A76BE100DD9B10 /* BaseNavigationController.swift */,
			);
			path = Base;
			sourceTree = "<group>";
		};
/* End PBXGroup section */

/* Begin PBXNativeTarget section */
		9E375A63239A00E400670911 /* DemoTabbarController */ = {
			isa = PBXNativeTarget;
			buildConfigurationList = 9E375A78239A00E500670911 /* Build configuration list for PBXNativeTarget "DemoTabbarController" */;
			buildPhases = (
				9E375A60239A00E400670911 /* Sources */,
				9E375A61239A00E400670911 /* Frameworks */,
				9E375A62239A00E400670911 /* Resources */,
			);
			buildRules = (
			);
			dependencies = (
			);
			name = DemoTabbarController;
			productName = DemoTabbarController;
			productReference = 9E375A64239A00E400670911 /* DemoTabbarController.app */;
			productType = "com.apple.product-type.application";
		};
/* End PBXNativeTarget section */

/* Begin PBXProject section */
		9E375A5C239A00E400670911 /* Project object */ = {
			isa = PBXProject;
			attributes = {
				LastSwiftUpdateCheck = 1100;
				LastUpgradeCheck = 1100;
				ORGANIZATIONNAME = "Fx Studio";
				TargetAttributes = {
					9E375A63239A00E400670911 = {
						CreatedOnToolsVersion = 11.0;
					};
				};
			};
			buildConfigurationList = 9E375A5F239A00E400670911 /* Build configuration list for PBXProject "DemoTabbarController" */;
			compatibilityVersion = "Xcode 9.3";
			developmentRegion = en;
			hasScannedForEncodings = 0;
			knownRegions = (
				en,
				Base,
			);
			mainGroup = 9E375A5B239A00E400670911;
			productRefGroup = 9E375A65239A00E400670911 /* Products */;
			projectDirPath = "";
			projectRoot = "";
			targets = (
				9E375A63239A00E400670911 /* DemoTabbarController */,
			);
		};
/* End PBXProject section */

/* Begin PBXResourcesBuildPhase section */
		9E375A62239A00E400670911 /* Resources */ = {
			isa = PBXResourcesBuildPhase;
			buildActionMask = 2147483647;
			files = (
				9E375A93239A020200670911 /* ProfileViewController.xib in Resources */,
				9E375A8B239A01BF00670911 /* FriendsViewController.xib in Resources */,
				9E375A8F239A01E700670911 /* MessagesViewController.xib in Resources */,
				9E3CAA8823A76BCA00DD9B10 /* ForgotPasswordViewController.xib in Resources */,
				9E375A74239A00E500670911 /* LaunchScreen.storyboard in Resources */,
				9E375A71239A00E500670911 /* Assets.xcassets in Resources */,
				9E3CAA7C23A76BB200DD9B10 /* LoginViewController.xib in Resources */,
				9E375A87239A019900670911 /* HomeViewController.xib in Resources */,
				9E3CAA8423A76BCA00DD9B10 /* RegisterViewController.xib in Resources */,
			);
			runOnlyForDeploymentPostprocessing = 0;
		};
/* End PBXResourcesBuildPhase section */

/* Begin PBXSourcesBuildPhase section */
		9E375A60239A00E400670911 /* Sources */ = {
			isa = PBXSourcesBuildPhase;
			buildActionMask = 2147483647;
			files = (
				9E3CAA8E23A76BE100DD9B10 /* BaseViewController.swift in Sources */,
				9E3CAA9123A776C100DD9B10 /* DataManager.swift in Sources */,
				9E3CAA8523A76BCA00DD9B10 /* RegisterViewController.swift in Sources */,
				9E3CAA9323A78C0400DD9B10 /* HomeViewModel.swift in Sources */,
				9E3CAA8623A76BCA00DD9B10 /* RegisterViewModel.swift in Sources */,
				9E3CAA8723A76BCA00DD9B10 /* ForgotPasswordViewController.swift in Sources */,
				9E3CAA7A23A76BB200DD9B10 /* LoginViewController.swift in Sources */,
				9E375A92239A020200670911 /* ProfileViewController.swift in Sources */,
				9E375A8E239A01E700670911 /* MessagesViewController.swift in Sources */,
				9E375A8A239A01BF00670911 /* FriendsViewController.swift in Sources */,
				9E3CAA8F23A76BE100DD9B10 /* BaseNavigationController.swift in Sources */,
				9E3CAA7B23A76BB200DD9B10 /* LoginViewModel.swift in Sources */,
				9E3CAA8D23A76BE100DD9B10 /* BaseTabBarController.swift in Sources */,
				9E375A68239A00E400670911 /* AppDelegate.swift in Sources */,
				9E375A6A239A00E400670911 /* SceneDelegate.swift in Sources */,
				9E375A86239A019900670911 /* HomeViewController.swift in Sources */,
			);
			runOnlyForDeploymentPostprocessing = 0;
		};
/* End PBXSourcesBuildPhase section */

/* Begin PBXVariantGroup section */
		9E375A72239A00E500670911 /* LaunchScreen.storyboard */ = {
			isa = PBXVariantGroup;
			children = (
				9E375A73239A00E500670911 /* Base */,
			);
			name = LaunchScreen.storyboard;
			sourceTree = "<group>";
		};
/* End PBXVariantGroup section */

/* Begin XCBuildConfiguration section */
		9E375A76239A00E500670911 /* Debug */ = {
			isa = XCBuildConfiguration;
			buildSettings = {
				ALWAYS_SEARCH_USER_PATHS = NO;
				CLANG_ANALYZER_NONNULL = YES;
				CLANG_ANALYZER_NUMBER_OBJECT_CONVERSION = YES_AGGRESSIVE;
				CLANG_CXX_LANGUAGE_STANDARD = "gnu++14";
				CLANG_CXX_LIBRARY = "libc++";
				CLANG_ENABLE_MODULES = YES;
				CLANG_ENABLE_OBJC_ARC = YES;
				CLANG_ENABLE_OBJC_WEAK = YES;
				CLANG_WARN_BLOCK_CAPTURE_AUTORELEASING = YES;
				CLANG_WARN_BOOL_CONVERSION = YES;
				CLANG_WARN_COMMA = YES;
				CLANG_WARN_CONSTANT_CONVERSION = YES;
				CLANG_WARN_DEPRECATED_OBJC_IMPLEMENTATIONS = YES;
				CLANG_WARN_DIRECT_OBJC_ISA_USAGE = YES_ERROR;
				CLANG_WARN_DOCUMENTATION_COMMENTS = YES;
				CLANG_WARN_EMPTY_BODY = YES;
				CLANG_WARN_ENUM_CONVERSION = YES;
				CLANG_WARN_INFINITE_RECURSION = YES;
				CLANG_WARN_INT_CONVERSION = YES;
				CLANG_WARN_NON_LITERAL_NULL_CONVERSION = YES;
				CLANG_WARN_OBJC_IMPLICIT_RETAIN_SELF = YES;
				CLANG_WARN_OBJC_LITERAL_CONVERSION = YES;
				CLANG_WARN_OBJC_ROOT_CLASS = YES_ERROR;
				CLANG_WARN_RANGE_LOOP_ANALYSIS = YES;
				CLANG_WARN_STRICT_PROTOTYPES = YES;
				CLANG_WARN_SUSPICIOUS_MOVE = YES;
				CLANG_WARN_UNGUARDED_AVAILABILITY = YES_AGGRESSIVE;
				CLANG_WARN_UNREACHABLE_CODE = YES;
				CLANG_WARN__DUPLICATE_METHOD_MATCH = YES;
				COPY_PHASE_STRIP = NO;
				DEBUG_INFORMATION_FORMAT = dwarf;
				ENABLE_STRICT_OBJC_MSGSEND = YES;
				ENABLE_TESTABILITY = YES;
				GCC_C_LANGUAGE_STANDARD = gnu11;
				GCC_DYNAMIC_NO_PIC = NO;
				GCC_NO_COMMON_BLOCKS = YES;
				GCC_OPTIMIZATION_LEVEL = 0;
				GCC_PREPROCESSOR_DEFINITIONS = (
					"DEBUG=1",
					"$(inherited)",
				);
				GCC_WARN_64_TO_32_BIT_CONVERSION = YES;
				GCC_WARN_ABOUT_RETURN_TYPE = YES_ERROR;
				GCC_WARN_UNDECLARED_SELECTOR = YES;
				GCC_WARN_UNINITIALIZED_AUTOS = YES_AGGRESSIVE;
				GCC_WARN_UNUSED_FUNCTION = YES;
				GCC_WARN_UNUSED_VARIABLE = YES;
				IPHONEOS_DEPLOYMENT_TARGET = 13.0;
				MTL_ENABLE_DEBUG_INFO = INCLUDE_SOURCE;
				MTL_FAST_MATH = YES;
				ONLY_ACTIVE_ARCH = YES;
				SDKROOT = iphoneos;
				SWIFT_ACTIVE_COMPILATION_CONDITIONS = DEBUG;
				SWIFT_OPTIMIZATION_LEVEL = "-Onone";
			};
			name = Debug;
		};
		9E375A77239A00E500670911 /* Release */ = {
			isa = XCBuildConfiguration;
			buildSettings = {
				ALWAYS_SEARCH_USER_PATHS = NO;
				CLANG_ANALYZER_NONNULL = YES;
				CLANG_ANALYZER_NUMBER_OBJECT_CONVERSION = YES_AGGRESSIVE;
				CLANG_CXX_LANGUAGE_STANDARD = "gnu++14";
				CLANG_CXX_LIBRARY = "libc++";
				CLANG_ENABLE_MODULES = YES;
				CLANG_ENABLE_OBJC_ARC = YES;
				CLANG_ENABLE_OBJC_WEAK = YES;
				CLANG_WARN_BLOCK_CAPTURE_AUTORELEASING = YES;
				CLANG_WARN_BOOL_CONVERSION = YES;
				CLANG_WARN_COMMA = YES;
				CLANG_WARN_CONSTANT_CONVERSION = YES;
				CLANG_WARN_DEPRECATED_OBJC_IMPLEMENTATIONS = YES;
				CLANG_WARN_DIRECT_OBJC_ISA_USAGE = YES_ERROR;
				CLANG_WARN_DOCUMENTATION_COMMENTS = YES;
				CLANG_WARN_EMPTY_BODY = YES;
				CLANG_WARN_ENUM_CONVERSION = YES;
				CLANG_WARN_INFINITE_RECURSION = YES;
				CLANG_WARN_INT_CONVERSION = YES;
				CLANG_WARN_NON_LITERAL_NULL_CONVERSION = YES;
				CLANG_WARN_OBJC_IMPLICIT_RETAIN_SELF = YES;
				CLANG_WARN_OBJC_LITERAL_CONVERSION = YES;
				CLANG_WARN_OBJC_ROOT_CLASS = YES_ERROR;
				CLANG_WARN_RANGE_LOOP_ANALYSIS = YES;
				CLANG_WARN_STRICT_PROTOTYPES = YES;
				CLANG_WARN_SUSPICIOUS_MOVE = YES;
				CLANG_WARN_UNGUARDED_AVAILABILITY = YES_AGGRESSIVE;
				CLANG_WARN_UNREACHABLE_CODE = YES;
				CLANG_WARN__DUPLICATE_METHOD_MATCH = YES;
				COPY_PHASE_STRIP = NO;
				DEBUG_INFORMATION_FORMAT = "dwarf-with-dsym";
				ENABLE_NS_ASSERTIONS = NO;
				ENABLE_STRICT_OBJC_MSGSEND = YES;
				GCC_C_LANGUAGE_STANDARD = gnu11;
				GCC_NO_COMMON_BLOCKS = YES;
				GCC_WARN_64_TO_32_BIT_CONVERSION = YES;
				GCC_WARN_ABOUT_RETURN_TYPE = YES_ERROR;
				GCC_WARN_UNDECLARED_SELECTOR = YES;
				GCC_WARN_UNINITIALIZED_AUTOS = YES_AGGRESSIVE;
				GCC_WARN_UNUSED_FUNCTION = YES;
				GCC_WARN_UNUSED_VARIABLE = YES;
				IPHONEOS_DEPLOYMENT_TARGET = 13.0;
				MTL_ENABLE_DEBUG_INFO = NO;
				MTL_FAST_MATH = YES;
				SDKROOT = iphoneos;
				SWIFT_COMPILATION_MODE = wholemodule;
				SWIFT_OPTIMIZATION_LEVEL = "-O";
				VALIDATE_PRODUCT = YES;
			};
			name = Release;
		};
		9E375A79239A00E500670911 /* Debug */ = {
			isa = XCBuildConfiguration;
			buildSettings = {
				ASSETCATALOG_COMPILER_APPICON_NAME = AppIcon;
				CODE_SIGN_STYLE = Automatic;
				DEVELOPMENT_TEAM = QG598U658S;
				INFOPLIST_FILE = DemoTabbarController/Info.plist;
				LD_RUNPATH_SEARCH_PATHS = (
					"$(inherited)",
					"@executable_path/Frameworks",
				);
				PRODUCT_BUNDLE_IDENTIFIER = com.fx.DemoTabbarController;
				PRODUCT_NAME = "$(TARGET_NAME)";
				SWIFT_VERSION = 5.0;
				TARGETED_DEVICE_FAMILY = "1,2";
			};
			name = Debug;
		};
		9E375A7A239A00E500670911 /* Release */ = {
			isa = XCBuildConfiguration;
			buildSettings = {
				ASSETCATALOG_COMPILER_APPICON_NAME = AppIcon;
				CODE_SIGN_STYLE = Automatic;
				DEVELOPMENT_TEAM = QG598U658S;
				INFOPLIST_FILE = DemoTabbarController/Info.plist;
				LD_RUNPATH_SEARCH_PATHS = (
					"$(inherited)",
					"@executable_path/Frameworks",
				);
				PRODUCT_BUNDLE_IDENTIFIER = com.fx.DemoTabbarController;
				PRODUCT_NAME = "$(TARGET_NAME)";
				SWIFT_VERSION = 5.0;
				TARGETED_DEVICE_FAMILY = "1,2";
			};
			name = Release;
		};
/* End XCBuildConfiguration section */

/* Begin XCConfigurationList section */
		9E375A5F239A00E400670911 /* Build configuration list for PBXProject "DemoTabbarController" */ = {
			isa = XCConfigurationList;
			buildConfigurations = (
				9E375A76239A00E500670911 /* Debug */,
				9E375A77239A00E500670911 /* Release */,
			);
			defaultConfigurationIsVisible = 0;
			defaultConfigurationName = Release;
		};
		9E375A78239A00E500670911 /* Build configuration list for PBXNativeTarget "DemoTabbarController" */ = {
			isa = XCConfigurationList;
			buildConfigurations = (
				9E375A79239A00E500670911 /* Debug */,
				9E375A7A239A00E500670911 /* Release */,
			);
			defaultConfigurationIsVisible = 0;
			defaultConfigurationName = Release;
		};
/* End XCConfigurationList section */
	};
	rootObject = 9E375A5C239A00E400670911 /* Project object */;
}
